// !$*UTF8*$!
{
	archiveVersion = 1;
	classes = {
	};
	objectVersion = 46;
	objects = {

/* Begin PBXBuildFile section */
		03099866055862B862C7DDC5 /* ControlCounter.cpp in Sources */ = {isa = PBXBuildFile; fileRef = 733EC0816EA9558B4708CBEC /* ControlCounter.cpp */; };
		06ACBEFB70943A514E82FB5D /* Noise.cpp in Sources */ = {isa = PBXBuildFile; fileRef = 77C32CEA041C550685DFACB1 /* Noise.cpp */; };
		087FDFB600A43FF50C75DE3A /* ControlDelay.cpp in Sources */ = {isa = PBXBuildFile; fileRef = D80FF3640084AC7087222596 /* ControlDelay.cpp */; };
		0AF5A6DD4FEBDAA99120C770 /* ofxBaseGui.cpp in Sources */ = {isa = PBXBuildFile; fileRef = 21338A6C04CD884E2D42D277 /* ofxBaseGui.cpp */; };
		0C05829B9E451BEF7754A667 /* MonoToStereoPanner.cpp in Sources */ = {isa = PBXBuildFile; fileRef = 884189489E3D8F011682ACDC /* MonoToStereoPanner.cpp */; };
		0C4CFE7E28F331E5BB8428CE /* ControlXYSpeed.cpp in Sources */ = {isa = PBXBuildFile; fileRef = 44041ADCA78C227A9A7079D0 /* ControlXYSpeed.cpp */; };
		0D9A5DBC463C9A0ACFAD3CE9 /* TableLookupOsc.cpp in Sources */ = {isa = PBXBuildFile; fileRef = 2C413CEDCADE5C24B7B68CA3 /* TableLookupOsc.cpp */; };
		0DF6FBDAE58ACFAF268374B7 /* ofxGuiGroup.cpp in Sources */ = {isa = PBXBuildFile; fileRef = DA1A5A44F57A8697F4350C2A /* ofxGuiGroup.cpp */; };
		0ECEF3ACC2803A59D9020003 /* ofxSlider.cpp in Sources */ = {isa = PBXBuildFile; fileRef = 0BEF0C769A12377F5A08697C /* ofxSlider.cpp */; };
		1078E1618CC60C7A18689976 /* ofxButton.cpp in Sources */ = {isa = PBXBuildFile; fileRef = D9DCB2108A7137B86962F363 /* ofxButton.cpp */; };
		14575EB14B41AF86F2FBEBBD /* CombFilter.cpp in Sources */ = {isa = PBXBuildFile; fileRef = 1EEDF66C0D4CC34475A17B92 /* CombFilter.cpp */; };
		1588EFCA184DC5E503D08396 /* ControlMetro.cpp in Sources */ = {isa = PBXBuildFile; fileRef = 49BD5123D213CB2C7CB89C14 /* ControlMetro.cpp */; };
		16A5CBBF5A9A3FB83662A578 /* ADSR.cpp in Sources */ = {isa = PBXBuildFile; fileRef = 54B4EA263D18ACB91F95E1FC /* ADSR.cpp */; };
		1F00073311F60D2BD697AA20 /* ofxPanel.cpp in Sources */ = {isa = PBXBuildFile; fileRef = 75A83DB93D67E59DC5E3E418 /* ofxPanel.cpp */; };
		216BEB54C17B571AD132BEBD /* TonicFrames.cpp in Sources */ = {isa = PBXBuildFile; fileRef = 51E17CAB39E0491220BDB1C3 /* TonicFrames.cpp */; };
		29B393BADE98AD1128906228 /* ControlFloor.cpp in Sources */ = {isa = PBXBuildFile; fileRef = 2CAB5CE315145F6195F92337 /* ControlFloor.cpp */; };
		29D734F0DDECC8C5978185D7 /* testApp.cpp in Sources */ = {isa = PBXBuildFile; fileRef = 00A1BFCBB38848AD0E0C8539 /* testApp.cpp */; };
		2B8DDF217AA3084FC1F0AA64 /* ControlGenerator.cpp in Sources */ = {isa = PBXBuildFile; fileRef = 6EF7D24F399F5E6A52C82F3A /* ControlGenerator.cpp */; };
		2BE92D9AE3B31DE8D9A0CCBA /* ControlTrigger.cpp in Sources */ = {isa = PBXBuildFile; fileRef = 838CB52217F5255DAB20D423 /* ControlTrigger.cpp */; };
		2EA669E00E53621AC35D6C46 /* BufferFiller.cpp in Sources */ = {isa = PBXBuildFile; fileRef = 4E9FC5D61232B08D77665F3B /* BufferFiller.cpp */; };
		2ED885F0E9B3CB7819940718 /* Generator.cpp in Sources */ = {isa = PBXBuildFile; fileRef = DA73D8453AFCE6A6E6CBC0C7 /* Generator.cpp */; };
		2F79EB98F746623743E2432C /* ofxToggle.cpp in Sources */ = {isa = PBXBuildFile; fileRef = 2FC63A2A9606875F26499ED4 /* ofxToggle.cpp */; };
		2FC3D02A0590057E7FE8AAFD /* ControlComparison.cpp in Sources */ = {isa = PBXBuildFile; fileRef = 014E53F47BA285823A01CE89 /* ControlComparison.cpp */; };
		3387F84BA9528DA55920E6D3 /* DSPUtils.cpp in Sources */ = {isa = PBXBuildFile; fileRef = C5440B6EB3E5C8C318989726 /* DSPUtils.cpp */; };
		3731C442E85A5725A3DBC1CE /* NoteBlock.cpp in Sources */ = {isa = PBXBuildFile; fileRef = DC9812335144769961D9581E /* NoteBlock.cpp */; };
		46C32101BD35E5F31862E450 /* ControlPulse.cpp in Sources */ = {isa = PBXBuildFile; fileRef = F31297E418798A8453BC9458 /* ControlPulse.cpp */; };
		47EB24BF866A1D7E0212C765 /* Effect.cpp in Sources */ = {isa = PBXBuildFile; fileRef = 34F140B40B4C54680756CCC8 /* Effect.cpp */; };
		487E1DCEA38BBB453134124C /* ControlMidiToFreq.cpp in Sources */ = {isa = PBXBuildFile; fileRef = 26C95804B7963907CFD294CB /* ControlMidiToFreq.cpp */; };
		4955EFFDA60B23E4FB5FC608 /* ControlDbToLinear.cpp in Sources */ = {isa = PBXBuildFile; fileRef = 7B142D4BD48AD95AE1FE3AF5 /* ControlDbToLinear.cpp */; };
		4A4D56AC798F85679D67B4F4 /* ControlStepper.cpp in Sources */ = {isa = PBXBuildFile; fileRef = BBBE6DCCAA10D826EDFB07D3 /* ControlStepper.cpp */; };
		4ADFD67CAD7E836B7A04C3E9 /* FixedValue.cpp in Sources */ = {isa = PBXBuildFile; fileRef = 8610988C6881280244895D2C /* FixedValue.cpp */; };
		50DC5B745E962848FC477E29 /* BLEPOscillator.cpp in Sources */ = {isa = PBXBuildFile; fileRef = 3A9E3E60A7AECA12A4CA3723 /* BLEPOscillator.cpp */; };
		56A6C3B48C5624036708DF3C /* ControlMetroDivider.cpp in Sources */ = {isa = PBXBuildFile; fileRef = 434BB997FCA89140E5B5EC89 /* ControlMetroDivider.cpp */; };
		56EF79B96A8BF4AB629B7AFF /* StereoDelay.cpp in Sources */ = {isa = PBXBuildFile; fileRef = B4143608A7961EA0AA4B1957 /* StereoDelay.cpp */; };
		599450A632B12525527748DB /* Mixer.cpp in Sources */ = {isa = PBXBuildFile; fileRef = 6D65794D5792D9FBB05D49AB /* Mixer.cpp */; };
		5A304BF6A8BB975473B16460 /* CompressorLimiter.cpp in Sources */ = {isa = PBXBuildFile; fileRef = 88486A46CCF88A0FB2CAAE87 /* CompressorLimiter.cpp */; };
		5B2F901BE2C46A8DACFB51AD /* RingBuffer.cpp in Sources */ = {isa = PBXBuildFile; fileRef = 8CBF25805CA83937130F7FEA /* RingBuffer.cpp */; };
		629DE8B1967B75C78775323A /* ControlSnapToScale.cpp in Sources */ = {isa = PBXBuildFile; fileRef = 35AA18A7E29B08FF32BB5D5D /* ControlSnapToScale.cpp */; };
		63CAB9663B6CA86F91263018 /* ControlRecorder.cpp in Sources */ = {isa = PBXBuildFile; fileRef = 76F39DB40FB283BDB7FF2CE6 /* ControlRecorder.cpp */; };
		67115F35C0B27B95079032F0 /* Filters.cpp in Sources */ = {isa = PBXBuildFile; fileRef = 297F97CFFBB47AF175CEFD4E /* Filters.cpp */; };
		76018AC3170CFBCC83303514 /* ofxSliderGroup.cpp in Sources */ = {isa = PBXBuildFile; fileRef = 5EE9CAF64503E5DE5229064B /* ofxSliderGroup.cpp */; };
		77F2ED14C3D2CE9F41A2D6D1 /* drawMidiNotes.cpp in Sources */ = {isa = PBXBuildFile; fileRef = 26B24989CEFA066C732EF343 /* drawMidiNotes.cpp */; };
		78FFD8B7CA0B742CF3BB93DD /* DelayUtils.cpp in Sources */ = {isa = PBXBuildFile; fileRef = 243172F8C3546585F82ADBDA /* DelayUtils.cpp */; };
		7BCA5C7F6017FAF455821126 /* BasicDelay.cpp in Sources */ = {isa = PBXBuildFile; fileRef = 0D02E31B30D02B8B443B2382 /* BasicDelay.cpp */; };
		823EA553C094BE9C329841C7 /* Synth.cpp in Sources */ = {isa = PBXBuildFile; fileRef = 0CE58D64DECDCD86877ECAF9 /* Synth.cpp */; };
		8B13A6C123071513FD16B363 /* ControlConditioner.cpp in Sources */ = {isa = PBXBuildFile; fileRef = 54F5F8B50C71D4022FD33336 /* ControlConditioner.cpp */; };
		8D6D9A2F593B292A138DFFAE /* Arithmetic.cpp in Sources */ = {isa = PBXBuildFile; fileRef = E613807F05F1C8D415800E19 /* Arithmetic.cpp */; };
		95F3DD56D985E2A71619C615 /* Reverb.cpp in Sources */ = {isa = PBXBuildFile; fileRef = 62FC0553864F52897202EE59 /* Reverb.cpp */; };
		9EE8D7BC2025AC3DEB90F484 /* ControlRandom.cpp in Sources */ = {isa = PBXBuildFile; fileRef = AC437B98EEAFF1FDCA547C6D /* ControlRandom.cpp */; };
		A40129BDC3C01BA3A4489B19 /* RectWave.cpp in Sources */ = {isa = PBXBuildFile; fileRef = 414F96934F3331D2486D208B /* RectWave.cpp */; };
		A8859B461B17ADD700C0A897 /* MIDIFileReader.cpp in Sources */ = {isa = PBXBuildFile; fileRef = A8859B441B17ADD700C0A897 /* MIDIFileReader.cpp */; };
		AA299DDC840380D71192D5DD /* SineWave.cpp in Sources */ = {isa = PBXBuildFile; fileRef = 02A0BA1FADF362F554857B09 /* SineWave.cpp */; };
		AA92BE34122ED0AE4F502601 /* AudioFileUtils.cpp in Sources */ = {isa = PBXBuildFile; fileRef = 095D3B8602103B8481556211 /* AudioFileUtils.cpp */; };
		AFEB266680052BDD04483230 /* ControlCallback.cpp in Sources */ = {isa = PBXBuildFile; fileRef = B0F78AE58468983ECF0A32F1 /* ControlCallback.cpp */; };
		B7F09B56BF4C67330B1F3346 /* ofxTonicSynth.cpp in Sources */ = {isa = PBXBuildFile; fileRef = 5AEB1076683B37A080B27700 /* ofxTonicSynth.cpp */; };
		BF56E8EE13CCFAD78FCB0FBE /* ControlChangeNotifier.cpp in Sources */ = {isa = PBXBuildFile; fileRef = FFE35DBFBA5F2A7FD6ADEA52 /* ControlChangeNotifier.cpp */; };
		C1D33555E1F09713337366E2 /* ofxLabel.cpp in Sources */ = {isa = PBXBuildFile; fileRef = D214028C2B61E5D2FEF8E270 /* ofxLabel.cpp */; };
		C23CDADC54F5B05C9A55F71A /* RampedValue.cpp in Sources */ = {isa = PBXBuildFile; fileRef = 190BC9B48B9675AA56C1BBA8 /* RampedValue.cpp */; };
		C343DD69BFE0FA75024B71D6 /* LFNoise.cpp in Sources */ = {isa = PBXBuildFile; fileRef = 30009D67BFC1F61A8F65F01B /* LFNoise.cpp */; };
		C3B44A303896CC18782F4C46 /* ControlSwitcher.cpp in Sources */ = {isa = PBXBuildFile; fileRef = 2879C42C5EECF10453F5BF84 /* ControlSwitcher.cpp */; };
		C58D79BB8FC5159C66F03F78 /* ControlParameter.cpp in Sources */ = {isa = PBXBuildFile; fileRef = 0B94A2C628D8B8889231353A /* ControlParameter.cpp */; };
		D00BF9F31ADD7BC98BD7BA81 /* SampleTable.cpp in Sources */ = {isa = PBXBuildFile; fileRef = 0133C1046ADF40806274A9D7 /* SampleTable.cpp */; };
		D1EC649DEAE57B74EDA38476 /* ControlValue.cpp in Sources */ = {isa = PBXBuildFile; fileRef = 1E92A622A56F6E84E8F3A5A5 /* ControlValue.cpp */; };
		DF276444C8B415B79AAAEF84 /* DynamicVector.cpp in Sources */ = {isa = PBXBuildFile; fileRef = 23231D5B9BFA976EC334F601 /* DynamicVector.cpp */; };
		E0991CBE1EC91B9322AC8366 /* midiEventHolder.cpp in Sources */ = {isa = PBXBuildFile; fileRef = B6B1881C95C600C095C833A8 /* midiEventHolder.cpp */; };
		E0A899223883204451B76184 /* BitCrusher.cpp in Sources */ = {isa = PBXBuildFile; fileRef = 4DA8291CCA9CFDD71367E53F /* BitCrusher.cpp */; };
		E2BFBA77A7E670FBF3FA0DE8 /* ControlTriggerFilter.cpp in Sources */ = {isa = PBXBuildFile; fileRef = 7D50199113C8D41F848FD9F9 /* ControlTriggerFilter.cpp */; };
		E3F54AF1B4CF4E078B2D8596 /* FilterUtils.cpp in Sources */ = {isa = PBXBuildFile; fileRef = 1B1AA1C1741438F0EB3B2985 /* FilterUtils.cpp */; };
		E4328149138ABC9F0047C5CB /* openFrameworksDebug.a in Frameworks */ = {isa = PBXBuildFile; fileRef = E4328148138ABC890047C5CB /* openFrameworksDebug.a */; };
		E4B69E200A3A1BDC003C02F2 /* main.cpp in Sources */ = {isa = PBXBuildFile; fileRef = E4B69E1D0A3A1BDC003C02F2 /* main.cpp */; };
		E6916ECADE580298F09C3055 /* SawtoothWave.cpp in Sources */ = {isa = PBXBuildFile; fileRef = 118CF280F652598E1C4FDD14 /* SawtoothWave.cpp */; };
		EAE358AC2F028F3224867E6A /* PolySynth.cpp in Sources */ = {isa = PBXBuildFile; fileRef = 91370F0BADDDDC27A3FB8B23 /* PolySynth.cpp */; };
		EF9C0B702BC18EEE0D9BE43D /* ControlArithmetic.cpp in Sources */ = {isa = PBXBuildFile; fileRef = 4CEB50CAB42BB9D1C9C5C8E2 /* ControlArithmetic.cpp */; };
		F4AD5004AA2AB0A39471AAFB /* ControlPrinter.cpp in Sources */ = {isa = PBXBuildFile; fileRef = 6464B871FB8961958C87102D /* ControlPrinter.cpp */; };
		F7CC0D9BC254B8A8EC01B069 /* BufferPlayer.cpp in Sources */ = {isa = PBXBuildFile; fileRef = 00F59A83F77A1DBE4D39BEFE /* BufferPlayer.cpp */; };
/* End PBXBuildFile section */

/* Begin PBXContainerItemProxy section */
		E4328147138ABC890047C5CB /* PBXContainerItemProxy */ = {
			isa = PBXContainerItemProxy;
			containerPortal = E4328143138ABC890047C5CB /* openFrameworksLib.xcodeproj */;
			proxyType = 2;
			remoteGlobalIDString = E4B27C1510CBEB8E00536013;
			remoteInfo = openFrameworks;
		};
		E4EEB9AB138B136A00A80321 /* PBXContainerItemProxy */ = {
			isa = PBXContainerItemProxy;
			containerPortal = E4328143138ABC890047C5CB /* openFrameworksLib.xcodeproj */;
			proxyType = 1;
			remoteGlobalIDString = E4B27C1410CBEB8E00536013;
			remoteInfo = openFrameworks;
		};
/* End PBXContainerItemProxy section */

/* Begin PBXCopyFilesBuildPhase section */
		E4C2427710CC5ABF004149E2 /* CopyFiles */ = {
			isa = PBXCopyFilesBuildPhase;
			buildActionMask = 2147483647;
			dstPath = "";
			dstSubfolderSpec = 10;
			files = (
			);
			runOnlyForDeploymentPostprocessing = 0;
		};
/* End PBXCopyFilesBuildPhase section */

/* Begin PBXFileReference section */
		00A1BFCBB38848AD0E0C8539 /* testApp.cpp */ = {isa = PBXFileReference; explicitFileType = sourcecode.cpp.cpp; fileEncoding = 30; name = testApp.cpp; path = src/testApp.cpp; sourceTree = SOURCE_ROOT; };
		00F59A83F77A1DBE4D39BEFE /* BufferPlayer.cpp */ = {isa = PBXFileReference; explicitFileType = sourcecode.cpp.cpp; fileEncoding = 30; name = BufferPlayer.cpp; path = ../../../openFrameworks/addons/ofxTonic/src/Tonic/BufferPlayer.cpp; sourceTree = SOURCE_ROOT; };
		0133C1046ADF40806274A9D7 /* SampleTable.cpp */ = {isa = PBXFileReference; explicitFileType = sourcecode.cpp.cpp; fileEncoding = 30; name = SampleTable.cpp; path = ../../../openFrameworks/addons/ofxTonic/src/Tonic/SampleTable.cpp; sourceTree = SOURCE_ROOT; };
		014E53F47BA285823A01CE89 /* ControlComparison.cpp */ = {isa = PBXFileReference; explicitFileType = sourcecode.cpp.cpp; fileEncoding = 30; name = ControlComparison.cpp; path = ../../../openFrameworks/addons/ofxTonic/src/Tonic/ControlComparison.cpp; sourceTree = SOURCE_ROOT; };
		02A0BA1FADF362F554857B09 /* SineWave.cpp */ = {isa = PBXFileReference; explicitFileType = sourcecode.cpp.cpp; fileEncoding = 30; name = SineWave.cpp; path = ../../../openFrameworks/addons/ofxTonic/src/Tonic/SineWave.cpp; sourceTree = SOURCE_ROOT; };
		02A19EBB3ED49BC8AB6CA6DB /* ControlConditioner.h */ = {isa = PBXFileReference; explicitFileType = sourcecode.c.h; fileEncoding = 30; name = ControlConditioner.h; path = ../../../openFrameworks/addons/ofxTonic/src/Tonic/ControlConditioner.h; sourceTree = SOURCE_ROOT; };
		056F64153CF396D909F61D6A /* SawtoothWave.h */ = {isa = PBXFileReference; explicitFileType = sourcecode.c.h; fileEncoding = 30; name = SawtoothWave.h; path = ../../../openFrameworks/addons/ofxTonic/src/Tonic/SawtoothWave.h; sourceTree = SOURCE_ROOT; };
		095D3B8602103B8481556211 /* AudioFileUtils.cpp */ = {isa = PBXFileReference; explicitFileType = sourcecode.cpp.cpp; fileEncoding = 30; name = AudioFileUtils.cpp; path = ../../../openFrameworks/addons/ofxTonic/src/Tonic/AudioFileUtils.cpp; sourceTree = SOURCE_ROOT; };
		0B94A2C628D8B8889231353A /* ControlParameter.cpp */ = {isa = PBXFileReference; explicitFileType = sourcecode.cpp.cpp; fileEncoding = 30; name = ControlParameter.cpp; path = ../../../openFrameworks/addons/ofxTonic/src/Tonic/ControlParameter.cpp; sourceTree = SOURCE_ROOT; };
		0BEF0C769A12377F5A08697C /* ofxSlider.cpp */ = {isa = PBXFileReference; explicitFileType = sourcecode.cpp.cpp; fileEncoding = 30; name = ofxSlider.cpp; path = ../../../openFrameworks/addons/ofxGui/src/ofxSlider.cpp; sourceTree = SOURCE_ROOT; };
		0CE58D64DECDCD86877ECAF9 /* Synth.cpp */ = {isa = PBXFileReference; explicitFileType = sourcecode.cpp.cpp; fileEncoding = 30; name = Synth.cpp; path = ../../../openFrameworks/addons/ofxTonic/src/Tonic/Synth.cpp; sourceTree = SOURCE_ROOT; };
		0D02E31B30D02B8B443B2382 /* BasicDelay.cpp */ = {isa = PBXFileReference; explicitFileType = sourcecode.cpp.cpp; fileEncoding = 30; name = BasicDelay.cpp; path = ../../../openFrameworks/addons/ofxTonic/src/Tonic/BasicDelay.cpp; sourceTree = SOURCE_ROOT; };
		1021634AC297AB130A82D7CC /* ControlChangeNotifier.h */ = {isa = PBXFileReference; explicitFileType = sourcecode.c.h; fileEncoding = 30; name = ControlChangeNotifier.h; path = ../../../openFrameworks/addons/ofxTonic/src/Tonic/ControlChangeNotifier.h; sourceTree = SOURCE_ROOT; };
		1097784E22D324E48AFCE62A /* ofxBaseGui.h */ = {isa = PBXFileReference; explicitFileType = sourcecode.c.h; fileEncoding = 30; name = ofxBaseGui.h; path = ../../../openFrameworks/addons/ofxGui/src/ofxBaseGui.h; sourceTree = SOURCE_ROOT; };
		118CF280F652598E1C4FDD14 /* SawtoothWave.cpp */ = {isa = PBXFileReference; explicitFileType = sourcecode.cpp.cpp; fileEncoding = 30; name = SawtoothWave.cpp; path = ../../../openFrameworks/addons/ofxTonic/src/Tonic/SawtoothWave.cpp; sourceTree = SOURCE_ROOT; };
		11B6A6E1577088150393047F /* ofxTonicSynth.h */ = {isa = PBXFileReference; explicitFileType = sourcecode.c.h; fileEncoding = 30; name = ofxTonicSynth.h; path = ../../../openFrameworks/addons/ofxTonic/src/ofxTonicSynth.h; sourceTree = SOURCE_ROOT; };
		127E51958AC69E7A54E71C57 /* ControlSwitcher.h */ = {isa = PBXFileReference; explicitFileType = sourcecode.c.h; fileEncoding = 30; name = ControlSwitcher.h; path = ../../../openFrameworks/addons/ofxTonic/src/Tonic/ControlSwitcher.h; sourceTree = SOURCE_ROOT; };
		190BC9B48B9675AA56C1BBA8 /* RampedValue.cpp */ = {isa = PBXFileReference; explicitFileType = sourcecode.cpp.cpp; fileEncoding = 30; name = RampedValue.cpp; path = ../../../openFrameworks/addons/ofxTonic/src/Tonic/RampedValue.cpp; sourceTree = SOURCE_ROOT; };
		1B1AA1C1741438F0EB3B2985 /* FilterUtils.cpp */ = {isa = PBXFileReference; explicitFileType = sourcecode.cpp.cpp; fileEncoding = 30; name = FilterUtils.cpp; path = ../../../openFrameworks/addons/ofxTonic/src/Tonic/FilterUtils.cpp; sourceTree = SOURCE_ROOT; };
		1E6224DDD57C5BBC67A3D596 /* ofxToggle.h */ = {isa = PBXFileReference; explicitFileType = sourcecode.c.h; fileEncoding = 30; name = ofxToggle.h; path = ../../../openFrameworks/addons/ofxGui/src/ofxToggle.h; sourceTree = SOURCE_ROOT; };
		1E92A622A56F6E84E8F3A5A5 /* ControlValue.cpp */ = {isa = PBXFileReference; explicitFileType = sourcecode.cpp.cpp; fileEncoding = 30; name = ControlValue.cpp; path = ../../../openFrameworks/addons/ofxTonic/src/Tonic/ControlValue.cpp; sourceTree = SOURCE_ROOT; };
		1EEDF66C0D4CC34475A17B92 /* CombFilter.cpp */ = {isa = PBXFileReference; explicitFileType = sourcecode.cpp.cpp; fileEncoding = 30; name = CombFilter.cpp; path = ../../../openFrameworks/addons/ofxTonic/src/Tonic/CombFilter.cpp; sourceTree = SOURCE_ROOT; };
		1FB1E7E66D10492AF24AB225 /* ControlFloor.h */ = {isa = PBXFileReference; explicitFileType = sourcecode.c.h; fileEncoding = 30; name = ControlFloor.h; path = ../../../openFrameworks/addons/ofxTonic/src/Tonic/ControlFloor.h; sourceTree = SOURCE_ROOT; };
		206BACDA15F489BBB79D4DF7 /* SampleTable.h */ = {isa = PBXFileReference; explicitFileType = sourcecode.c.h; fileEncoding = 30; name = SampleTable.h; path = ../../../openFrameworks/addons/ofxTonic/src/Tonic/SampleTable.h; sourceTree = SOURCE_ROOT; };
		21338A6C04CD884E2D42D277 /* ofxBaseGui.cpp */ = {isa = PBXFileReference; explicitFileType = sourcecode.cpp.cpp; fileEncoding = 30; name = ofxBaseGui.cpp; path = ../../../openFrameworks/addons/ofxGui/src/ofxBaseGui.cpp; sourceTree = SOURCE_ROOT; };
		22411F331B8C03014CA35550 /* ofxButton.h */ = {isa = PBXFileReference; explicitFileType = sourcecode.c.h; fileEncoding = 30; name = ofxButton.h; path = ../../../openFrameworks/addons/ofxGui/src/ofxButton.h; sourceTree = SOURCE_ROOT; };
		23231D5B9BFA976EC334F601 /* DynamicVector.cpp */ = {isa = PBXFileReference; explicitFileType = sourcecode.cpp.cpp; fileEncoding = 30; name = DynamicVector.cpp; path = src/DynamicVector.cpp; sourceTree = SOURCE_ROOT; };
		23A95BD138BF3751C8BCC958 /* ControlTriggerFilter.h */ = {isa = PBXFileReference; explicitFileType = sourcecode.c.h; fileEncoding = 30; name = ControlTriggerFilter.h; path = ../../../openFrameworks/addons/ofxTonic/src/Tonic/ControlTriggerFilter.h; sourceTree = SOURCE_ROOT; };
		243172F8C3546585F82ADBDA /* DelayUtils.cpp */ = {isa = PBXFileReference; explicitFileType = sourcecode.cpp.cpp; fileEncoding = 30; name = DelayUtils.cpp; path = ../../../openFrameworks/addons/ofxTonic/src/Tonic/DelayUtils.cpp; sourceTree = SOURCE_ROOT; };
		26B24989CEFA066C732EF343 /* drawMidiNotes.cpp */ = {isa = PBXFileReference; explicitFileType = sourcecode.cpp.cpp; fileEncoding = 30; name = drawMidiNotes.cpp; path = src/drawMidiNotes.cpp; sourceTree = SOURCE_ROOT; };
		26C95804B7963907CFD294CB /* ControlMidiToFreq.cpp */ = {isa = PBXFileReference; explicitFileType = sourcecode.cpp.cpp; fileEncoding = 30; name = ControlMidiToFreq.cpp; path = ../../../openFrameworks/addons/ofxTonic/src/Tonic/ControlMidiToFreq.cpp; sourceTree = SOURCE_ROOT; };
		26EA4BA0F36BB2BF2F7EF990 /* BLEPOscillator.h */ = {isa = PBXFileReference; explicitFileType = sourcecode.c.h; fileEncoding = 30; name = BLEPOscillator.h; path = ../../../openFrameworks/addons/ofxTonic/src/Tonic/BLEPOscillator.h; sourceTree = SOURCE_ROOT; };
		2879C42C5EECF10453F5BF84 /* ControlSwitcher.cpp */ = {isa = PBXFileReference; explicitFileType = sourcecode.cpp.cpp; fileEncoding = 30; name = ControlSwitcher.cpp; path = ../../../openFrameworks/addons/ofxTonic/src/Tonic/ControlSwitcher.cpp; sourceTree = SOURCE_ROOT; };
		297F97CFFBB47AF175CEFD4E /* Filters.cpp */ = {isa = PBXFileReference; explicitFileType = sourcecode.cpp.cpp; fileEncoding = 30; name = Filters.cpp; path = ../../../openFrameworks/addons/ofxTonic/src/Tonic/Filters.cpp; sourceTree = SOURCE_ROOT; };
		2A07149E8E94C76490838C11 /* Filters.h */ = {isa = PBXFileReference; explicitFileType = sourcecode.c.h; fileEncoding = 30; name = Filters.h; path = ../../../openFrameworks/addons/ofxTonic/src/Tonic/Filters.h; sourceTree = SOURCE_ROOT; };
		2C413CEDCADE5C24B7B68CA3 /* TableLookupOsc.cpp */ = {isa = PBXFileReference; explicitFileType = sourcecode.cpp.cpp; fileEncoding = 30; name = TableLookupOsc.cpp; path = ../../../openFrameworks/addons/ofxTonic/src/Tonic/TableLookupOsc.cpp; sourceTree = SOURCE_ROOT; };
		2CAB5CE315145F6195F92337 /* ControlFloor.cpp */ = {isa = PBXFileReference; explicitFileType = sourcecode.cpp.cpp; fileEncoding = 30; name = ControlFloor.cpp; path = ../../../openFrameworks/addons/ofxTonic/src/Tonic/ControlFloor.cpp; sourceTree = SOURCE_ROOT; };
		2D129AB0F7D46B8DFCEADEDB /* testApp.h */ = {isa = PBXFileReference; explicitFileType = sourcecode.c.h; fileEncoding = 30; name = testApp.h; path = src/testApp.h; sourceTree = SOURCE_ROOT; };
		2D3D85D85F3A4B7B03D2F7ED /* ofxSliderGroup.h */ = {isa = PBXFileReference; explicitFileType = sourcecode.c.h; fileEncoding = 30; name = ofxSliderGroup.h; path = ../../../openFrameworks/addons/ofxGui/src/ofxSliderGroup.h; sourceTree = SOURCE_ROOT; };
		2ED932E50E277B80CE1F32AB /* AudioFileUtils.h */ = {isa = PBXFileReference; explicitFileType = sourcecode.c.h; fileEncoding = 30; name = AudioFileUtils.h; path = ../../../openFrameworks/addons/ofxTonic/src/Tonic/AudioFileUtils.h; sourceTree = SOURCE_ROOT; };
		2FC63A2A9606875F26499ED4 /* ofxToggle.cpp */ = {isa = PBXFileReference; explicitFileType = sourcecode.cpp.cpp; fileEncoding = 30; name = ofxToggle.cpp; path = ../../../openFrameworks/addons/ofxGui/src/ofxToggle.cpp; sourceTree = SOURCE_ROOT; };
		30009D67BFC1F61A8F65F01B /* LFNoise.cpp */ = {isa = PBXFileReference; explicitFileType = sourcecode.cpp.cpp; fileEncoding = 30; name = LFNoise.cpp; path = ../../../openFrameworks/addons/ofxTonic/src/Tonic/LFNoise.cpp; sourceTree = SOURCE_ROOT; };
		33D0F699BDDEF145F6BEC63D /* Generator.h */ = {isa = PBXFileReference; explicitFileType = sourcecode.c.h; fileEncoding = 30; name = Generator.h; path = ../../../openFrameworks/addons/ofxTonic/src/Tonic/Generator.h; sourceTree = SOURCE_ROOT; };
		34666092046A5077C30A04D4 /* DelayUtils.h */ = {isa = PBXFileReference; explicitFileType = sourcecode.c.h; fileEncoding = 30; name = DelayUtils.h; path = ../../../openFrameworks/addons/ofxTonic/src/Tonic/DelayUtils.h; sourceTree = SOURCE_ROOT; };
		34F140B40B4C54680756CCC8 /* Effect.cpp */ = {isa = PBXFileReference; explicitFileType = sourcecode.cpp.cpp; fileEncoding = 30; name = Effect.cpp; path = ../../../openFrameworks/addons/ofxTonic/src/Tonic/Effect.cpp; sourceTree = SOURCE_ROOT; };
		35AA18A7E29B08FF32BB5D5D /* ControlSnapToScale.cpp */ = {isa = PBXFileReference; explicitFileType = sourcecode.cpp.cpp; fileEncoding = 30; name = ControlSnapToScale.cpp; path = ../../../openFrameworks/addons/ofxTonic/src/Tonic/ControlSnapToScale.cpp; sourceTree = SOURCE_ROOT; };
		37BD8724CAFCB496D2B5F3F9 /* PolySynth.h */ = {isa = PBXFileReference; explicitFileType = sourcecode.c.h; fileEncoding = 30; name = PolySynth.h; path = ../../../openFrameworks/addons/ofxTonic/src/Tonic/PolySynth.h; sourceTree = SOURCE_ROOT; };
		3A9E3E60A7AECA12A4CA3723 /* BLEPOscillator.cpp */ = {isa = PBXFileReference; explicitFileType = sourcecode.cpp.cpp; fileEncoding = 30; name = BLEPOscillator.cpp; path = ../../../openFrameworks/addons/ofxTonic/src/Tonic/BLEPOscillator.cpp; sourceTree = SOURCE_ROOT; };
		3EBA9E08432DE287C9634431 /* DSPUtils.h */ = {isa = PBXFileReference; explicitFileType = sourcecode.c.h; fileEncoding = 30; name = DSPUtils.h; path = ../../../openFrameworks/addons/ofxTonic/src/Tonic/DSPUtils.h; sourceTree = SOURCE_ROOT; };
		414F96934F3331D2486D208B /* RectWave.cpp */ = {isa = PBXFileReference; explicitFileType = sourcecode.cpp.cpp; fileEncoding = 30; name = RectWave.cpp; path = ../../../openFrameworks/addons/ofxTonic/src/Tonic/RectWave.cpp; sourceTree = SOURCE_ROOT; };
		434BB997FCA89140E5B5EC89 /* ControlMetroDivider.cpp */ = {isa = PBXFileReference; explicitFileType = sourcecode.cpp.cpp; fileEncoding = 30; name = ControlMetroDivider.cpp; path = ../../../openFrameworks/addons/ofxTonic/src/Tonic/ControlMetroDivider.cpp; sourceTree = SOURCE_ROOT; };
		44041ADCA78C227A9A7079D0 /* ControlXYSpeed.cpp */ = {isa = PBXFileReference; explicitFileType = sourcecode.cpp.cpp; fileEncoding = 30; name = ControlXYSpeed.cpp; path = ../../../openFrameworks/addons/ofxTonic/src/Tonic/ControlXYSpeed.cpp; sourceTree = SOURCE_ROOT; };
		44619E91AA575CCE884FE342 /* ControlCounter.h */ = {isa = PBXFileReference; explicitFileType = sourcecode.c.h; fileEncoding = 30; name = ControlCounter.h; path = ../../../openFrameworks/addons/ofxTonic/src/Tonic/ControlCounter.h; sourceTree = SOURCE_ROOT; };
		475BAE1C5D741FFD3BE76A2A /* ADSR.h */ = {isa = PBXFileReference; explicitFileType = sourcecode.c.h; fileEncoding = 30; name = ADSR.h; path = ../../../openFrameworks/addons/ofxTonic/src/Tonic/ADSR.h; sourceTree = SOURCE_ROOT; };
		4820EF9F9EC038040F926F65 /* ControlGenerator.h */ = {isa = PBXFileReference; explicitFileType = sourcecode.c.h; fileEncoding = 30; name = ControlGenerator.h; path = ../../../openFrameworks/addons/ofxTonic/src/Tonic/ControlGenerator.h; sourceTree = SOURCE_ROOT; };
		49BD5123D213CB2C7CB89C14 /* ControlMetro.cpp */ = {isa = PBXFileReference; explicitFileType = sourcecode.cpp.cpp; fileEncoding = 30; name = ControlMetro.cpp; path = ../../../openFrameworks/addons/ofxTonic/src/Tonic/ControlMetro.cpp; sourceTree = SOURCE_ROOT; };
		4CEB50CAB42BB9D1C9C5C8E2 /* ControlArithmetic.cpp */ = {isa = PBXFileReference; explicitFileType = sourcecode.cpp.cpp; fileEncoding = 30; name = ControlArithmetic.cpp; path = ../../../openFrameworks/addons/ofxTonic/src/Tonic/ControlArithmetic.cpp; sourceTree = SOURCE_ROOT; };
		4DA8291CCA9CFDD71367E53F /* BitCrusher.cpp */ = {isa = PBXFileReference; explicitFileType = sourcecode.cpp.cpp; fileEncoding = 30; name = BitCrusher.cpp; path = ../../../openFrameworks/addons/ofxTonic/src/Tonic/BitCrusher.cpp; sourceTree = SOURCE_ROOT; };
		4E9FC5D61232B08D77665F3B /* BufferFiller.cpp */ = {isa = PBXFileReference; explicitFileType = sourcecode.cpp.cpp; fileEncoding = 30; name = BufferFiller.cpp; path = ../../../openFrameworks/addons/ofxTonic/src/Tonic/BufferFiller.cpp; sourceTree = SOURCE_ROOT; };
		51E17CAB39E0491220BDB1C3 /* TonicFrames.cpp */ = {isa = PBXFileReference; explicitFileType = sourcecode.cpp.cpp; fileEncoding = 30; name = TonicFrames.cpp; path = ../../../openFrameworks/addons/ofxTonic/src/Tonic/TonicFrames.cpp; sourceTree = SOURCE_ROOT; };
		5486EEA60DDFC6391439AF49 /* ControlDbToLinear.h */ = {isa = PBXFileReference; explicitFileType = sourcecode.c.h; fileEncoding = 30; name = ControlDbToLinear.h; path = ../../../openFrameworks/addons/ofxTonic/src/Tonic/ControlDbToLinear.h; sourceTree = SOURCE_ROOT; };
		54B4EA263D18ACB91F95E1FC /* ADSR.cpp */ = {isa = PBXFileReference; explicitFileType = sourcecode.cpp.cpp; fileEncoding = 30; name = ADSR.cpp; path = ../../../openFrameworks/addons/ofxTonic/src/Tonic/ADSR.cpp; sourceTree = SOURCE_ROOT; };
		54F5F8B50C71D4022FD33336 /* ControlConditioner.cpp */ = {isa = PBXFileReference; explicitFileType = sourcecode.cpp.cpp; fileEncoding = 30; name = ControlConditioner.cpp; path = ../../../openFrameworks/addons/ofxTonic/src/Tonic/ControlConditioner.cpp; sourceTree = SOURCE_ROOT; };
		5A4755E6FBB063B579FB557E /* TriangleWave.h */ = {isa = PBXFileReference; explicitFileType = sourcecode.c.h; fileEncoding = 30; name = TriangleWave.h; path = ../../../openFrameworks/addons/ofxTonic/src/Tonic/TriangleWave.h; sourceTree = SOURCE_ROOT; };
		5AEB1076683B37A080B27700 /* ofxTonicSynth.cpp */ = {isa = PBXFileReference; explicitFileType = sourcecode.cpp.cpp; fileEncoding = 30; name = ofxTonicSynth.cpp; path = ../../../openFrameworks/addons/ofxTonic/src/ofxTonicSynth.cpp; sourceTree = SOURCE_ROOT; };
		5E8F9B191873126A8DFBD583 /* ofxGuiGroup.h */ = {isa = PBXFileReference; explicitFileType = sourcecode.c.h; fileEncoding = 30; name = ofxGuiGroup.h; path = ../../../openFrameworks/addons/ofxGui/src/ofxGuiGroup.h; sourceTree = SOURCE_ROOT; };
		5EC3D0AE79681CFCCFAEF07F /* CompressorLimiter.h */ = {isa = PBXFileReference; explicitFileType = sourcecode.c.h; fileEncoding = 30; name = CompressorLimiter.h; path = ../../../openFrameworks/addons/ofxTonic/src/Tonic/CompressorLimiter.h; sourceTree = SOURCE_ROOT; };
		5EE9CAF64503E5DE5229064B /* ofxSliderGroup.cpp */ = {isa = PBXFileReference; explicitFileType = sourcecode.cpp.cpp; fileEncoding = 30; name = ofxSliderGroup.cpp; path = ../../../openFrameworks/addons/ofxGui/src/ofxSliderGroup.cpp; sourceTree = SOURCE_ROOT; };
		62FC0553864F52897202EE59 /* Reverb.cpp */ = {isa = PBXFileReference; explicitFileType = sourcecode.cpp.cpp; fileEncoding = 30; name = Reverb.cpp; path = ../../../openFrameworks/addons/ofxTonic/src/Tonic/Reverb.cpp; sourceTree = SOURCE_ROOT; };
		6464B871FB8961958C87102D /* ControlPrinter.cpp */ = {isa = PBXFileReference; explicitFileType = sourcecode.cpp.cpp; fileEncoding = 30; name = ControlPrinter.cpp; path = ../../../openFrameworks/addons/ofxTonic/src/Tonic/ControlPrinter.cpp; sourceTree = SOURCE_ROOT; };
		654C45C26A33E3DB230278D6 /* SineWave.h */ = {isa = PBXFileReference; explicitFileType = sourcecode.c.h; fileEncoding = 30; name = SineWave.h; path = ../../../openFrameworks/addons/ofxTonic/src/Tonic/SineWave.h; sourceTree = SOURCE_ROOT; };
		6585D85A2216E0E09981E4AF /* BufferPlayer.h */ = {isa = PBXFileReference; explicitFileType = sourcecode.c.h; fileEncoding = 30; name = BufferPlayer.h; path = ../../../openFrameworks/addons/ofxTonic/src/Tonic/BufferPlayer.h; sourceTree = SOURCE_ROOT; };
		6649E452AADC4DD669C1AAE6 /* RampedValue.h */ = {isa = PBXFileReference; explicitFileType = sourcecode.c.h; fileEncoding = 30; name = RampedValue.h; path = ../../../openFrameworks/addons/ofxTonic/src/Tonic/RampedValue.h; sourceTree = SOURCE_ROOT; };
		6A3D6BDC21381B69BD0ED284 /* BasicDelay.h */ = {isa = PBXFileReference; explicitFileType = sourcecode.c.h; fileEncoding = 30; name = BasicDelay.h; path = ../../../openFrameworks/addons/ofxTonic/src/Tonic/BasicDelay.h; sourceTree = SOURCE_ROOT; };
		6C70077A4D2B408381CB0CBE /* Arithmetic.h */ = {isa = PBXFileReference; explicitFileType = sourcecode.c.h; fileEncoding = 30; name = Arithmetic.h; path = ../../../openFrameworks/addons/ofxTonic/src/Tonic/Arithmetic.h; sourceTree = SOURCE_ROOT; };
		6D65794D5792D9FBB05D49AB /* Mixer.cpp */ = {isa = PBXFileReference; explicitFileType = sourcecode.cpp.cpp; fileEncoding = 30; name = Mixer.cpp; path = ../../../openFrameworks/addons/ofxTonic/src/Tonic/Mixer.cpp; sourceTree = SOURCE_ROOT; };
		6D9013B080257CC05B8D4EE0 /* FilterUtils.h */ = {isa = PBXFileReference; explicitFileType = sourcecode.c.h; fileEncoding = 30; name = FilterUtils.h; path = ../../../openFrameworks/addons/ofxTonic/src/Tonic/FilterUtils.h; sourceTree = SOURCE_ROOT; };
		6E2736AA17BEF9711617E0B9 /* ControlRandom.h */ = {isa = PBXFileReference; explicitFileType = sourcecode.c.h; fileEncoding = 30; name = ControlRandom.h; path = ../../../openFrameworks/addons/ofxTonic/src/Tonic/ControlRandom.h; sourceTree = SOURCE_ROOT; };
		6EABE6C2710D08062A7BA69C /* SquareWave.h */ = {isa = PBXFileReference; explicitFileType = sourcecode.c.h; fileEncoding = 30; name = SquareWave.h; path = ../../../openFrameworks/addons/ofxTonic/src/Tonic/SquareWave.h; sourceTree = SOURCE_ROOT; };
		6EF7D24F399F5E6A52C82F3A /* ControlGenerator.cpp */ = {isa = PBXFileReference; explicitFileType = sourcecode.cpp.cpp; fileEncoding = 30; name = ControlGenerator.cpp; path = ../../../openFrameworks/addons/ofxTonic/src/Tonic/ControlGenerator.cpp; sourceTree = SOURCE_ROOT; };
		70210F8602F0F57D544F9FA5 /* ControlCallback.h */ = {isa = PBXFileReference; explicitFileType = sourcecode.c.h; fileEncoding = 30; name = ControlCallback.h; path = ../../../openFrameworks/addons/ofxTonic/src/Tonic/ControlCallback.h; sourceTree = SOURCE_ROOT; };
		7094FBE2A047822D03EAFFD5 /* ControlTrigger.h */ = {isa = PBXFileReference; explicitFileType = sourcecode.c.h; fileEncoding = 30; name = ControlTrigger.h; path = ../../../openFrameworks/addons/ofxTonic/src/Tonic/ControlTrigger.h; sourceTree = SOURCE_ROOT; };
		70C56C5E776B0200407BEB52 /* ControlStepper.h */ = {isa = PBXFileReference; explicitFileType = sourcecode.c.h; fileEncoding = 30; name = ControlStepper.h; path = ../../../openFrameworks/addons/ofxTonic/src/Tonic/ControlStepper.h; sourceTree = SOURCE_ROOT; };
		733EC0816EA9558B4708CBEC /* ControlCounter.cpp */ = {isa = PBXFileReference; explicitFileType = sourcecode.cpp.cpp; fileEncoding = 30; name = ControlCounter.cpp; path = ../../../openFrameworks/addons/ofxTonic/src/Tonic/ControlCounter.cpp; sourceTree = SOURCE_ROOT; };
		750DEF82C3C0B236545EB6C3 /* RingBuffer.h */ = {isa = PBXFileReference; explicitFileType = sourcecode.c.h; fileEncoding = 30; name = RingBuffer.h; path = ../../../openFrameworks/addons/ofxTonic/src/Tonic/RingBuffer.h; sourceTree = SOURCE_ROOT; };
		758166843B82618C407950BD /* ControlSnapToScale.h */ = {isa = PBXFileReference; explicitFileType = sourcecode.c.h; fileEncoding = 30; name = ControlSnapToScale.h; path = ../../../openFrameworks/addons/ofxTonic/src/Tonic/ControlSnapToScale.h; sourceTree = SOURCE_ROOT; };
		75A83DB93D67E59DC5E3E418 /* ofxPanel.cpp */ = {isa = PBXFileReference; explicitFileType = sourcecode.cpp.cpp; fileEncoding = 30; name = ofxPanel.cpp; path = ../../../openFrameworks/addons/ofxGui/src/ofxPanel.cpp; sourceTree = SOURCE_ROOT; };
		76F39DB40FB283BDB7FF2CE6 /* ControlRecorder.cpp */ = {isa = PBXFileReference; explicitFileType = sourcecode.cpp.cpp; fileEncoding = 30; name = ControlRecorder.cpp; path = ../../../openFrameworks/addons/ofxTonic/src/Tonic/ControlRecorder.cpp; sourceTree = SOURCE_ROOT; };
		77C32CEA041C550685DFACB1 /* Noise.cpp */ = {isa = PBXFileReference; explicitFileType = sourcecode.cpp.cpp; fileEncoding = 30; name = Noise.cpp; path = ../../../openFrameworks/addons/ofxTonic/src/Tonic/Noise.cpp; sourceTree = SOURCE_ROOT; };
		7B142D4BD48AD95AE1FE3AF5 /* ControlDbToLinear.cpp */ = {isa = PBXFileReference; explicitFileType = sourcecode.cpp.cpp; fileEncoding = 30; name = ControlDbToLinear.cpp; path = ../../../openFrameworks/addons/ofxTonic/src/Tonic/ControlDbToLinear.cpp; sourceTree = SOURCE_ROOT; };
		7D50199113C8D41F848FD9F9 /* ControlTriggerFilter.cpp */ = {isa = PBXFileReference; explicitFileType = sourcecode.cpp.cpp; fileEncoding = 30; name = ControlTriggerFilter.cpp; path = ../../../openFrameworks/addons/ofxTonic/src/Tonic/ControlTriggerFilter.cpp; sourceTree = SOURCE_ROOT; };
		7E4F5EA0F0E85CED88B09FBF /* FixedValue.h */ = {isa = PBXFileReference; explicitFileType = sourcecode.c.h; fileEncoding = 30; name = FixedValue.h; path = ../../../openFrameworks/addons/ofxTonic/src/Tonic/FixedValue.h; sourceTree = SOURCE_ROOT; };
		7F6B627E99C680FCBD9B3167 /* LFNoise.h */ = {isa = PBXFileReference; explicitFileType = sourcecode.c.h; fileEncoding = 30; name = LFNoise.h; path = ../../../openFrameworks/addons/ofxTonic/src/Tonic/LFNoise.h; sourceTree = SOURCE_ROOT; };
		838CB52217F5255DAB20D423 /* ControlTrigger.cpp */ = {isa = PBXFileReference; explicitFileType = sourcecode.cpp.cpp; fileEncoding = 30; name = ControlTrigger.cpp; path = ../../../openFrameworks/addons/ofxTonic/src/Tonic/ControlTrigger.cpp; sourceTree = SOURCE_ROOT; };
		8610988C6881280244895D2C /* FixedValue.cpp */ = {isa = PBXFileReference; explicitFileType = sourcecode.cpp.cpp; fileEncoding = 30; name = FixedValue.cpp; path = ../../../openFrameworks/addons/ofxTonic/src/Tonic/FixedValue.cpp; sourceTree = SOURCE_ROOT; };
		87A785418FE546F5C0D89035 /* ControlMetroDivider.h */ = {isa = PBXFileReference; explicitFileType = sourcecode.c.h; fileEncoding = 30; name = ControlMetroDivider.h; path = ../../../openFrameworks/addons/ofxTonic/src/Tonic/ControlMetroDivider.h; sourceTree = SOURCE_ROOT; };
		884189489E3D8F011682ACDC /* MonoToStereoPanner.cpp */ = {isa = PBXFileReference; explicitFileType = sourcecode.cpp.cpp; fileEncoding = 30; name = MonoToStereoPanner.cpp; path = ../../../openFrameworks/addons/ofxTonic/src/Tonic/MonoToStereoPanner.cpp; sourceTree = SOURCE_ROOT; };
		88486A46CCF88A0FB2CAAE87 /* CompressorLimiter.cpp */ = {isa = PBXFileReference; explicitFileType = sourcecode.cpp.cpp; fileEncoding = 30; name = CompressorLimiter.cpp; path = ../../../openFrameworks/addons/ofxTonic/src/Tonic/CompressorLimiter.cpp; sourceTree = SOURCE_ROOT; };
		894B200EA336A105CBB364BD /* Effect.h */ = {isa = PBXFileReference; explicitFileType = sourcecode.c.h; fileEncoding = 30; name = Effect.h; path = ../../../openFrameworks/addons/ofxTonic/src/Tonic/Effect.h; sourceTree = SOURCE_ROOT; };
		8CB368D2AD126105309C73EC /* TonicCore.h */ = {isa = PBXFileReference; explicitFileType = sourcecode.c.h; fileEncoding = 30; name = TonicCore.h; path = ../../../openFrameworks/addons/ofxTonic/src/Tonic/TonicCore.h; sourceTree = SOURCE_ROOT; };
		8CBF25805CA83937130F7FEA /* RingBuffer.cpp */ = {isa = PBXFileReference; explicitFileType = sourcecode.cpp.cpp; fileEncoding = 30; name = RingBuffer.cpp; path = ../../../openFrameworks/addons/ofxTonic/src/Tonic/RingBuffer.cpp; sourceTree = SOURCE_ROOT; };
		91370F0BADDDDC27A3FB8B23 /* PolySynth.cpp */ = {isa = PBXFileReference; explicitFileType = sourcecode.cpp.cpp; fileEncoding = 30; name = PolySynth.cpp; path = ../../../openFrameworks/addons/ofxTonic/src/Tonic/PolySynth.cpp; sourceTree = SOURCE_ROOT; };
		94FB72E14E31DCA65F3DCDC0 /* TableLookupOsc.h */ = {isa = PBXFileReference; explicitFileType = sourcecode.c.h; fileEncoding = 30; name = TableLookupOsc.h; path = ../../../openFrameworks/addons/ofxTonic/src/Tonic/TableLookupOsc.h; sourceTree = SOURCE_ROOT; };
		9729463019C62177D39997E7 /* ControlValue.h */ = {isa = PBXFileReference; explicitFileType = sourcecode.c.h; fileEncoding = 30; name = ControlValue.h; path = ../../../openFrameworks/addons/ofxTonic/src/Tonic/ControlValue.h; sourceTree = SOURCE_ROOT; };
		974BBD8A7CCA61783BD9F243 /* ControlMetro.h */ = {isa = PBXFileReference; explicitFileType = sourcecode.c.h; fileEncoding = 30; name = ControlMetro.h; path = ../../../openFrameworks/addons/ofxTonic/src/Tonic/ControlMetro.h; sourceTree = SOURCE_ROOT; };
		9916856B2852DD81EB7F4D76 /* StereoDelay.h */ = {isa = PBXFileReference; explicitFileType = sourcecode.c.h; fileEncoding = 30; name = StereoDelay.h; path = ../../../openFrameworks/addons/ofxTonic/src/Tonic/StereoDelay.h; sourceTree = SOURCE_ROOT; };
		A0A7667B8AEA78F52494D8EF /* ControlPrinter.h */ = {isa = PBXFileReference; explicitFileType = sourcecode.c.h; fileEncoding = 30; name = ControlPrinter.h; path = ../../../openFrameworks/addons/ofxTonic/src/Tonic/ControlPrinter.h; sourceTree = SOURCE_ROOT; };
		A2A4573496D01AFC3D44B014 /* ControlParameter.h */ = {isa = PBXFileReference; explicitFileType = sourcecode.c.h; fileEncoding = 30; name = ControlParameter.h; path = ../../../openFrameworks/addons/ofxTonic/src/Tonic/ControlParameter.h; sourceTree = SOURCE_ROOT; };
		A37AB2BD7D40758A4DC385C6 /* ControlPulse.h */ = {isa = PBXFileReference; explicitFileType = sourcecode.c.h; fileEncoding = 30; name = ControlPulse.h; path = ../../../openFrameworks/addons/ofxTonic/src/Tonic/ControlPulse.h; sourceTree = SOURCE_ROOT; };
		A5EE77014AD4EC259412F5BD /* ControlMidiToFreq.h */ = {isa = PBXFileReference; explicitFileType = sourcecode.c.h; fileEncoding = 30; name = ControlMidiToFreq.h; path = ../../../openFrameworks/addons/ofxTonic/src/Tonic/ControlMidiToFreq.h; sourceTree = SOURCE_ROOT; };
		A7F8B0DD6B4F8174518F592F /* ControlRecorder.h */ = {isa = PBXFileReference; explicitFileType = sourcecode.c.h; fileEncoding = 30; name = ControlRecorder.h; path = ../../../openFrameworks/addons/ofxTonic/src/Tonic/ControlRecorder.h; sourceTree = SOURCE_ROOT; };
		A8859B421B17ADD700C0A897 /* MIDIComposition.h */ = {isa = PBXFileReference; fileEncoding = 4; lastKnownFileType = sourcecode.c.h; path = MIDIComposition.h; sourceTree = "<group>"; };
		A8859B431B17ADD700C0A897 /* MIDIEvent.h */ = {isa = PBXFileReference; fileEncoding = 4; lastKnownFileType = sourcecode.c.h; path = MIDIEvent.h; sourceTree = "<group>"; };
		A8859B441B17ADD700C0A897 /* MIDIFileReader.cpp */ = {isa = PBXFileReference; fileEncoding = 4; lastKnownFileType = sourcecode.cpp.cpp; path = MIDIFileReader.cpp; sourceTree = "<group>"; };
		A8859B451B17ADD700C0A897 /* MIDIFileReader.h */ = {isa = PBXFileReference; fileEncoding = 4; lastKnownFileType = sourcecode.c.h; path = MIDIFileReader.h; sourceTree = "<group>"; };
		A8B0F37D649FA3EC2B2FA037 /* MonoToStereoPanner.h */ = {isa = PBXFileReference; explicitFileType = sourcecode.c.h; fileEncoding = 30; name = MonoToStereoPanner.h; path = ../../../openFrameworks/addons/ofxTonic/src/Tonic/MonoToStereoPanner.h; sourceTree = SOURCE_ROOT; };
		AB7A6511BC104BEC78779FBF /* RectWave.h */ = {isa = PBXFileReference; explicitFileType = sourcecode.c.h; fileEncoding = 30; name = RectWave.h; path = ../../../openFrameworks/addons/ofxTonic/src/Tonic/RectWave.h; sourceTree = SOURCE_ROOT; };
		AC437B98EEAFF1FDCA547C6D /* ControlRandom.cpp */ = {isa = PBXFileReference; explicitFileType = sourcecode.cpp.cpp; fileEncoding = 30; name = ControlRandom.cpp; path = ../../../openFrameworks/addons/ofxTonic/src/Tonic/ControlRandom.cpp; sourceTree = SOURCE_ROOT; };
		AE927B3A2293C19139ADF30A /* TonicFrames.h */ = {isa = PBXFileReference; explicitFileType = sourcecode.c.h; fileEncoding = 30; name = TonicFrames.h; path = ../../../openFrameworks/addons/ofxTonic/src/Tonic/TonicFrames.h; sourceTree = SOURCE_ROOT; };
		B0F78AE58468983ECF0A32F1 /* ControlCallback.cpp */ = {isa = PBXFileReference; explicitFileType = sourcecode.cpp.cpp; fileEncoding = 30; name = ControlCallback.cpp; path = ../../../openFrameworks/addons/ofxTonic/src/Tonic/ControlCallback.cpp; sourceTree = SOURCE_ROOT; };
		B1A0B90617614A04A6B90875 /* ofxTonic.h */ = {isa = PBXFileReference; explicitFileType = sourcecode.c.h; fileEncoding = 30; name = ofxTonic.h; path = ../../../openFrameworks/addons/ofxTonic/src/ofxTonic.h; sourceTree = SOURCE_ROOT; };
		B4143608A7961EA0AA4B1957 /* StereoDelay.cpp */ = {isa = PBXFileReference; explicitFileType = sourcecode.cpp.cpp; fileEncoding = 30; name = StereoDelay.cpp; path = ../../../openFrameworks/addons/ofxTonic/src/Tonic/StereoDelay.cpp; sourceTree = SOURCE_ROOT; };
		B6B1881C95C600C095C833A8 /* midiEventHolder.cpp */ = {isa = PBXFileReference; explicitFileType = sourcecode.cpp.cpp; fileEncoding = 30; name = midiEventHolder.cpp; path = src/midiEventHolder.cpp; sourceTree = SOURCE_ROOT; };
		BBBE6DCCAA10D826EDFB07D3 /* ControlStepper.cpp */ = {isa = PBXFileReference; explicitFileType = sourcecode.cpp.cpp; fileEncoding = 30; name = ControlStepper.cpp; path = ../../../openFrameworks/addons/ofxTonic/src/Tonic/ControlStepper.cpp; sourceTree = SOURCE_ROOT; };
		BD856CE3D0B75386A68CC624 /* Noise.h */ = {isa = PBXFileReference; explicitFileType = sourcecode.c.h; fileEncoding = 30; name = Noise.h; path = ../../../openFrameworks/addons/ofxTonic/src/Tonic/Noise.h; sourceTree = SOURCE_ROOT; };
		C427B42BB65B6AA017739432 /* drawMidiNotes.h */ = {isa = PBXFileReference; explicitFileType = sourcecode.c.h; fileEncoding = 30; name = drawMidiNotes.h; path = src/drawMidiNotes.h; sourceTree = SOURCE_ROOT; };
		C5440B6EB3E5C8C318989726 /* DSPUtils.cpp */ = {isa = PBXFileReference; explicitFileType = sourcecode.cpp.cpp; fileEncoding = 30; name = DSPUtils.cpp; path = ../../../openFrameworks/addons/ofxTonic/src/Tonic/DSPUtils.cpp; sourceTree = SOURCE_ROOT; };
		C57E4E29BB10A135FAF6A0C2 /* BitCrusher.h */ = {isa = PBXFileReference; explicitFileType = sourcecode.c.h; fileEncoding = 30; name = BitCrusher.h; path = ../../../openFrameworks/addons/ofxTonic/src/Tonic/BitCrusher.h; sourceTree = SOURCE_ROOT; };
		C660A170EBF3D5F22A479D8F /* Synth.h */ = {isa = PBXFileReference; explicitFileType = sourcecode.c.h; fileEncoding = 30; name = Synth.h; path = ../../../openFrameworks/addons/ofxTonic/src/Tonic/Synth.h; sourceTree = SOURCE_ROOT; };
		CA93063AC6C77295F37E51A2 /* Reverb.h */ = {isa = PBXFileReference; explicitFileType = sourcecode.c.h; fileEncoding = 30; name = Reverb.h; path = ../../../openFrameworks/addons/ofxTonic/src/Tonic/Reverb.h; sourceTree = SOURCE_ROOT; };
		CFEA4C3C037089445F139E04 /* Tonic.h */ = {isa = PBXFileReference; explicitFileType = sourcecode.c.h; fileEncoding = 30; name = Tonic.h; path = ../../../openFrameworks/addons/ofxTonic/src/Tonic.h; sourceTree = SOURCE_ROOT; };
		D214028C2B61E5D2FEF8E270 /* ofxLabel.cpp */ = {isa = PBXFileReference; explicitFileType = sourcecode.cpp.cpp; fileEncoding = 30; name = ofxLabel.cpp; path = ../../../openFrameworks/addons/ofxGui/src/ofxLabel.cpp; sourceTree = SOURCE_ROOT; };
		D473EFFA85BA2F401A0212F1 /* NoteBlock.h */ = {isa = PBXFileReference; explicitFileType = sourcecode.c.h; fileEncoding = 30; name = NoteBlock.h; path = src/NoteBlock.h; sourceTree = SOURCE_ROOT; };
		D53140F76C038F363903A997 /* ofxPanel.h */ = {isa = PBXFileReference; explicitFileType = sourcecode.c.h; fileEncoding = 30; name = ofxPanel.h; path = ../../../openFrameworks/addons/ofxGui/src/ofxPanel.h; sourceTree = SOURCE_ROOT; };
		D5CF37B1CEE2CD0F7D621AA3 /* ControlDelay.h */ = {isa = PBXFileReference; explicitFileType = sourcecode.c.h; fileEncoding = 30; name = ControlDelay.h; path = ../../../openFrameworks/addons/ofxTonic/src/Tonic/ControlDelay.h; sourceTree = SOURCE_ROOT; };
		D80FF3640084AC7087222596 /* ControlDelay.cpp */ = {isa = PBXFileReference; explicitFileType = sourcecode.cpp.cpp; fileEncoding = 30; name = ControlDelay.cpp; path = ../../../openFrameworks/addons/ofxTonic/src/Tonic/ControlDelay.cpp; sourceTree = SOURCE_ROOT; };
		D9DCB2108A7137B86962F363 /* ofxButton.cpp */ = {isa = PBXFileReference; explicitFileType = sourcecode.cpp.cpp; fileEncoding = 30; name = ofxButton.cpp; path = ../../../openFrameworks/addons/ofxGui/src/ofxButton.cpp; sourceTree = SOURCE_ROOT; };
		DA1A5A44F57A8697F4350C2A /* ofxGuiGroup.cpp */ = {isa = PBXFileReference; explicitFileType = sourcecode.cpp.cpp; fileEncoding = 30; name = ofxGuiGroup.cpp; path = ../../../openFrameworks/addons/ofxGui/src/ofxGuiGroup.cpp; sourceTree = SOURCE_ROOT; };
		DA73D8453AFCE6A6E6CBC0C7 /* Generator.cpp */ = {isa = PBXFileReference; explicitFileType = sourcecode.cpp.cpp; fileEncoding = 30; name = Generator.cpp; path = ../../../openFrameworks/addons/ofxTonic/src/Tonic/Generator.cpp; sourceTree = SOURCE_ROOT; };
		DC9812335144769961D9581E /* NoteBlock.cpp */ = {isa = PBXFileReference; explicitFileType = sourcecode.cpp.cpp; fileEncoding = 30; name = NoteBlock.cpp; path = src/NoteBlock.cpp; sourceTree = SOURCE_ROOT; };
		DF27E36B4A0F9028A3BFFB5D /* ControlXYSpeed.h */ = {isa = PBXFileReference; explicitFileType = sourcecode.c.h; fileEncoding = 30; name = ControlXYSpeed.h; path = ../../../openFrameworks/addons/ofxTonic/src/Tonic/ControlXYSpeed.h; sourceTree = SOURCE_ROOT; };
		E11E094C95BA1FD7F548C352 /* ofxLabel.h */ = {isa = PBXFileReference; explicitFileType = sourcecode.c.h; fileEncoding = 30; name = ofxLabel.h; path = ../../../openFrameworks/addons/ofxGui/src/ofxLabel.h; sourceTree = SOURCE_ROOT; };
		E34F09D4D00B44E869E38A9D /* ControlArithmetic.h */ = {isa = PBXFileReference; explicitFileType = sourcecode.c.h; fileEncoding = 30; name = ControlArithmetic.h; path = ../../../openFrameworks/addons/ofxTonic/src/Tonic/ControlArithmetic.h; sourceTree = SOURCE_ROOT; };
		E3C1086A36300A3C345BEDC1 /* DynamicVector.h */ = {isa = PBXFileReference; explicitFileType = sourcecode.c.h; fileEncoding = 30; name = DynamicVector.h; path = src/DynamicVector.h; sourceTree = SOURCE_ROOT; };
		E4328143138ABC890047C5CB /* openFrameworksLib.xcodeproj */ = {isa = PBXFileReference; lastKnownFileType = "wrapper.pb-project"; name = openFrameworksLib.xcodeproj; path = ../../../openFrameworks/libs/openFrameworksCompiled/project/osx/openFrameworksLib.xcodeproj; sourceTree = SOURCE_ROOT; };
		E4B69B5B0A3A1756003C02F2 /* timeLineMusicDebug.app */ = {isa = PBXFileReference; explicitFileType = wrapper.application; includeInIndex = 0; path = timeLineMusicDebug.app; sourceTree = BUILT_PRODUCTS_DIR; };
		E4B69E1D0A3A1BDC003C02F2 /* main.cpp */ = {isa = PBXFileReference; fileEncoding = 30; lastKnownFileType = sourcecode.cpp.cpp; name = main.cpp; path = src/main.cpp; sourceTree = SOURCE_ROOT; };
		E4B6FCAD0C3E899E008CF71C /* openFrameworks-Info.plist */ = {isa = PBXFileReference; fileEncoding = 30; lastKnownFileType = text.plist.xml; path = "openFrameworks-Info.plist"; sourceTree = "<group>"; };
		E4EB691F138AFCF100A09F29 /* CoreOF.xcconfig */ = {isa = PBXFileReference; fileEncoding = 4; lastKnownFileType = text.xcconfig; name = CoreOF.xcconfig; path = ../../../openFrameworks/libs/openFrameworksCompiled/project/osx/CoreOF.xcconfig; sourceTree = SOURCE_ROOT; };
		E4EB6923138AFD0F00A09F29 /* Project.xcconfig */ = {isa = PBXFileReference; fileEncoding = 4; lastKnownFileType = text.xcconfig; path = Project.xcconfig; sourceTree = "<group>"; };
		E5471F0AE17C3649B063E7B6 /* BufferFiller.h */ = {isa = PBXFileReference; explicitFileType = sourcecode.c.h; fileEncoding = 30; name = BufferFiller.h; path = ../../../openFrameworks/addons/ofxTonic/src/Tonic/BufferFiller.h; sourceTree = SOURCE_ROOT; };
		E613807F05F1C8D415800E19 /* Arithmetic.cpp */ = {isa = PBXFileReference; explicitFileType = sourcecode.cpp.cpp; fileEncoding = 30; name = Arithmetic.cpp; path = ../../../openFrameworks/addons/ofxTonic/src/Tonic/Arithmetic.cpp; sourceTree = SOURCE_ROOT; };
		EC81893E7902AA17EF4E4714 /* CombFilter.h */ = {isa = PBXFileReference; explicitFileType = sourcecode.c.h; fileEncoding = 30; name = CombFilter.h; path = ../../../openFrameworks/addons/ofxTonic/src/Tonic/CombFilter.h; sourceTree = SOURCE_ROOT; };
		EE042A8C3BFA51068CE04A8D /* ofxGui.h */ = {isa = PBXFileReference; explicitFileType = sourcecode.c.h; fileEncoding = 30; name = ofxGui.h; path = ../../../openFrameworks/addons/ofxGui/src/ofxGui.h; sourceTree = SOURCE_ROOT; };
		F2D4AF3DC3F12EB1F38EB600 /* midiEventHolder.h */ = {isa = PBXFileReference; explicitFileType = sourcecode.c.h; fileEncoding = 30; name = midiEventHolder.h; path = src/midiEventHolder.h; sourceTree = SOURCE_ROOT; };
		F31297E418798A8453BC9458 /* ControlPulse.cpp */ = {isa = PBXFileReference; explicitFileType = sourcecode.cpp.cpp; fileEncoding = 30; name = ControlPulse.cpp; path = ../../../openFrameworks/addons/ofxTonic/src/Tonic/ControlPulse.cpp; sourceTree = SOURCE_ROOT; };
		F58805DA1B1193199B6B3F91 /* Mixer.h */ = {isa = PBXFileReference; explicitFileType = sourcecode.c.h; fileEncoding = 30; name = Mixer.h; path = ../../../openFrameworks/addons/ofxTonic/src/Tonic/Mixer.h; sourceTree = SOURCE_ROOT; };
		F97B9B79596FC4129F934D45 /* ControlComparison.h */ = {isa = PBXFileReference; explicitFileType = sourcecode.c.h; fileEncoding = 30; name = ControlComparison.h; path = ../../../openFrameworks/addons/ofxTonic/src/Tonic/ControlComparison.h; sourceTree = SOURCE_ROOT; };
		FBF290766CC80F858E89F003 /* ofxSlider.h */ = {isa = PBXFileReference; explicitFileType = sourcecode.c.h; fileEncoding = 30; name = ofxSlider.h; path = ../../../openFrameworks/addons/ofxGui/src/ofxSlider.h; sourceTree = SOURCE_ROOT; };
		FFE35DBFBA5F2A7FD6ADEA52 /* ControlChangeNotifier.cpp */ = {isa = PBXFileReference; explicitFileType = sourcecode.cpp.cpp; fileEncoding = 30; name = ControlChangeNotifier.cpp; path = ../../../openFrameworks/addons/ofxTonic/src/Tonic/ControlChangeNotifier.cpp; sourceTree = SOURCE_ROOT; };
/* End PBXFileReference section */

/* Begin PBXFrameworksBuildPhase section */
		E4B69B590A3A1756003C02F2 /* Frameworks */ = {
			isa = PBXFrameworksBuildPhase;
			buildActionMask = 2147483647;
			files = (
				E4328149138ABC9F0047C5CB /* openFrameworksDebug.a in Frameworks */,
			);
			runOnlyForDeploymentPostprocessing = 0;
		};
/* End PBXFrameworksBuildPhase section */

/* Begin PBXGroup section */
		0E79F97A89352266EDC34BFD /* Tonic */ = {
			isa = PBXGroup;
			children = (
				54B4EA263D18ACB91F95E1FC /* ADSR.cpp */,
				475BAE1C5D741FFD3BE76A2A /* ADSR.h */,
				E613807F05F1C8D415800E19 /* Arithmetic.cpp */,
				6C70077A4D2B408381CB0CBE /* Arithmetic.h */,
				095D3B8602103B8481556211 /* AudioFileUtils.cpp */,
				2ED932E50E277B80CE1F32AB /* AudioFileUtils.h */,
				0D02E31B30D02B8B443B2382 /* BasicDelay.cpp */,
				6A3D6BDC21381B69BD0ED284 /* BasicDelay.h */,
				4DA8291CCA9CFDD71367E53F /* BitCrusher.cpp */,
				C57E4E29BB10A135FAF6A0C2 /* BitCrusher.h */,
				3A9E3E60A7AECA12A4CA3723 /* BLEPOscillator.cpp */,
				26EA4BA0F36BB2BF2F7EF990 /* BLEPOscillator.h */,
				4E9FC5D61232B08D77665F3B /* BufferFiller.cpp */,
				E5471F0AE17C3649B063E7B6 /* BufferFiller.h */,
				00F59A83F77A1DBE4D39BEFE /* BufferPlayer.cpp */,
				6585D85A2216E0E09981E4AF /* BufferPlayer.h */,
				1EEDF66C0D4CC34475A17B92 /* CombFilter.cpp */,
				EC81893E7902AA17EF4E4714 /* CombFilter.h */,
				88486A46CCF88A0FB2CAAE87 /* CompressorLimiter.cpp */,
				5EC3D0AE79681CFCCFAEF07F /* CompressorLimiter.h */,
				4CEB50CAB42BB9D1C9C5C8E2 /* ControlArithmetic.cpp */,
				E34F09D4D00B44E869E38A9D /* ControlArithmetic.h */,
				B0F78AE58468983ECF0A32F1 /* ControlCallback.cpp */,
				70210F8602F0F57D544F9FA5 /* ControlCallback.h */,
				FFE35DBFBA5F2A7FD6ADEA52 /* ControlChangeNotifier.cpp */,
				1021634AC297AB130A82D7CC /* ControlChangeNotifier.h */,
				014E53F47BA285823A01CE89 /* ControlComparison.cpp */,
				F97B9B79596FC4129F934D45 /* ControlComparison.h */,
				54F5F8B50C71D4022FD33336 /* ControlConditioner.cpp */,
				02A19EBB3ED49BC8AB6CA6DB /* ControlConditioner.h */,
				733EC0816EA9558B4708CBEC /* ControlCounter.cpp */,
				44619E91AA575CCE884FE342 /* ControlCounter.h */,
				7B142D4BD48AD95AE1FE3AF5 /* ControlDbToLinear.cpp */,
				5486EEA60DDFC6391439AF49 /* ControlDbToLinear.h */,
				D80FF3640084AC7087222596 /* ControlDelay.cpp */,
				D5CF37B1CEE2CD0F7D621AA3 /* ControlDelay.h */,
				2CAB5CE315145F6195F92337 /* ControlFloor.cpp */,
				1FB1E7E66D10492AF24AB225 /* ControlFloor.h */,
				6EF7D24F399F5E6A52C82F3A /* ControlGenerator.cpp */,
				4820EF9F9EC038040F926F65 /* ControlGenerator.h */,
				49BD5123D213CB2C7CB89C14 /* ControlMetro.cpp */,
				974BBD8A7CCA61783BD9F243 /* ControlMetro.h */,
				434BB997FCA89140E5B5EC89 /* ControlMetroDivider.cpp */,
				87A785418FE546F5C0D89035 /* ControlMetroDivider.h */,
				26C95804B7963907CFD294CB /* ControlMidiToFreq.cpp */,
				A5EE77014AD4EC259412F5BD /* ControlMidiToFreq.h */,
				0B94A2C628D8B8889231353A /* ControlParameter.cpp */,
				A2A4573496D01AFC3D44B014 /* ControlParameter.h */,
				6464B871FB8961958C87102D /* ControlPrinter.cpp */,
				A0A7667B8AEA78F52494D8EF /* ControlPrinter.h */,
				F31297E418798A8453BC9458 /* ControlPulse.cpp */,
				A37AB2BD7D40758A4DC385C6 /* ControlPulse.h */,
				AC437B98EEAFF1FDCA547C6D /* ControlRandom.cpp */,
				6E2736AA17BEF9711617E0B9 /* ControlRandom.h */,
				76F39DB40FB283BDB7FF2CE6 /* ControlRecorder.cpp */,
				A7F8B0DD6B4F8174518F592F /* ControlRecorder.h */,
				35AA18A7E29B08FF32BB5D5D /* ControlSnapToScale.cpp */,
				758166843B82618C407950BD /* ControlSnapToScale.h */,
				BBBE6DCCAA10D826EDFB07D3 /* ControlStepper.cpp */,
				70C56C5E776B0200407BEB52 /* ControlStepper.h */,
				2879C42C5EECF10453F5BF84 /* ControlSwitcher.cpp */,
				127E51958AC69E7A54E71C57 /* ControlSwitcher.h */,
				838CB52217F5255DAB20D423 /* ControlTrigger.cpp */,
				7094FBE2A047822D03EAFFD5 /* ControlTrigger.h */,
				7D50199113C8D41F848FD9F9 /* ControlTriggerFilter.cpp */,
				23A95BD138BF3751C8BCC958 /* ControlTriggerFilter.h */,
				1E92A622A56F6E84E8F3A5A5 /* ControlValue.cpp */,
				9729463019C62177D39997E7 /* ControlValue.h */,
				44041ADCA78C227A9A7079D0 /* ControlXYSpeed.cpp */,
				DF27E36B4A0F9028A3BFFB5D /* ControlXYSpeed.h */,
				243172F8C3546585F82ADBDA /* DelayUtils.cpp */,
				34666092046A5077C30A04D4 /* DelayUtils.h */,
				C5440B6EB3E5C8C318989726 /* DSPUtils.cpp */,
				3EBA9E08432DE287C9634431 /* DSPUtils.h */,
				34F140B40B4C54680756CCC8 /* Effect.cpp */,
				894B200EA336A105CBB364BD /* Effect.h */,
				297F97CFFBB47AF175CEFD4E /* Filters.cpp */,
				2A07149E8E94C76490838C11 /* Filters.h */,
				1B1AA1C1741438F0EB3B2985 /* FilterUtils.cpp */,
				6D9013B080257CC05B8D4EE0 /* FilterUtils.h */,
				8610988C6881280244895D2C /* FixedValue.cpp */,
				7E4F5EA0F0E85CED88B09FBF /* FixedValue.h */,
				DA73D8453AFCE6A6E6CBC0C7 /* Generator.cpp */,
				33D0F699BDDEF145F6BEC63D /* Generator.h */,
				30009D67BFC1F61A8F65F01B /* LFNoise.cpp */,
				7F6B627E99C680FCBD9B3167 /* LFNoise.h */,
				6D65794D5792D9FBB05D49AB /* Mixer.cpp */,
				F58805DA1B1193199B6B3F91 /* Mixer.h */,
				884189489E3D8F011682ACDC /* MonoToStereoPanner.cpp */,
				A8B0F37D649FA3EC2B2FA037 /* MonoToStereoPanner.h */,
				77C32CEA041C550685DFACB1 /* Noise.cpp */,
				BD856CE3D0B75386A68CC624 /* Noise.h */,
				91370F0BADDDDC27A3FB8B23 /* PolySynth.cpp */,
				37BD8724CAFCB496D2B5F3F9 /* PolySynth.h */,
				190BC9B48B9675AA56C1BBA8 /* RampedValue.cpp */,
				6649E452AADC4DD669C1AAE6 /* RampedValue.h */,
				414F96934F3331D2486D208B /* RectWave.cpp */,
				AB7A6511BC104BEC78779FBF /* RectWave.h */,
				62FC0553864F52897202EE59 /* Reverb.cpp */,
				CA93063AC6C77295F37E51A2 /* Reverb.h */,
				8CBF25805CA83937130F7FEA /* RingBuffer.cpp */,
				750DEF82C3C0B236545EB6C3 /* RingBuffer.h */,
				0133C1046ADF40806274A9D7 /* SampleTable.cpp */,
				206BACDA15F489BBB79D4DF7 /* SampleTable.h */,
				118CF280F652598E1C4FDD14 /* SawtoothWave.cpp */,
				056F64153CF396D909F61D6A /* SawtoothWave.h */,
				02A0BA1FADF362F554857B09 /* SineWave.cpp */,
				654C45C26A33E3DB230278D6 /* SineWave.h */,
				6EABE6C2710D08062A7BA69C /* SquareWave.h */,
				B4143608A7961EA0AA4B1957 /* StereoDelay.cpp */,
				9916856B2852DD81EB7F4D76 /* StereoDelay.h */,
				0CE58D64DECDCD86877ECAF9 /* Synth.cpp */,
				C660A170EBF3D5F22A479D8F /* Synth.h */,
				2C413CEDCADE5C24B7B68CA3 /* TableLookupOsc.cpp */,
				94FB72E14E31DCA65F3DCDC0 /* TableLookupOsc.h */,
				8CB368D2AD126105309C73EC /* TonicCore.h */,
				51E17CAB39E0491220BDB1C3 /* TonicFrames.cpp */,
				AE927B3A2293C19139ADF30A /* TonicFrames.h */,
				5A4755E6FBB063B579FB557E /* TriangleWave.h */,
			);
			name = Tonic;
			sourceTree = "<group>";
		};
		3659747FA7D45BE871634DFA /* src */ = {
			isa = PBXGroup;
			children = (
				B1A0B90617614A04A6B90875 /* ofxTonic.h */,
				5AEB1076683B37A080B27700 /* ofxTonicSynth.cpp */,
				11B6A6E1577088150393047F /* ofxTonicSynth.h */,
				0E79F97A89352266EDC34BFD /* Tonic */,
				CFEA4C3C037089445F139E04 /* Tonic.h */,
			);
			name = src;
			sourceTree = "<group>";
		};
		480A780D8D0308AE4A368801 /* ofxGui */ = {
			isa = PBXGroup;
			children = (
				A763ED608B35AE3310251DEE /* src */,
			);
			name = ofxGui;
			sourceTree = "<group>";
		};
		76271A12053DA157D2DB4F78 /* ofxTonic */ = {
			isa = PBXGroup;
			children = (
				3659747FA7D45BE871634DFA /* src */,
			);
			name = ofxTonic;
			sourceTree = "<group>";
		};
		A763ED608B35AE3310251DEE /* src */ = {
			isa = PBXGroup;
			children = (
				21338A6C04CD884E2D42D277 /* ofxBaseGui.cpp */,
				1097784E22D324E48AFCE62A /* ofxBaseGui.h */,
				D9DCB2108A7137B86962F363 /* ofxButton.cpp */,
				22411F331B8C03014CA35550 /* ofxButton.h */,
				EE042A8C3BFA51068CE04A8D /* ofxGui.h */,
				DA1A5A44F57A8697F4350C2A /* ofxGuiGroup.cpp */,
				5E8F9B191873126A8DFBD583 /* ofxGuiGroup.h */,
				D214028C2B61E5D2FEF8E270 /* ofxLabel.cpp */,
				E11E094C95BA1FD7F548C352 /* ofxLabel.h */,
				75A83DB93D67E59DC5E3E418 /* ofxPanel.cpp */,
				D53140F76C038F363903A997 /* ofxPanel.h */,
				0BEF0C769A12377F5A08697C /* ofxSlider.cpp */,
				FBF290766CC80F858E89F003 /* ofxSlider.h */,
				5EE9CAF64503E5DE5229064B /* ofxSliderGroup.cpp */,
				2D3D85D85F3A4B7B03D2F7ED /* ofxSliderGroup.h */,
				2FC63A2A9606875F26499ED4 /* ofxToggle.cpp */,
				1E6224DDD57C5BBC67A3D596 /* ofxToggle.h */,
			);
			name = src;
			sourceTree = "<group>";
		};
		A8859B411B17ADD700C0A897 /* midiFileReader */ = {
			isa = PBXGroup;
			children = (
				A8859B421B17ADD700C0A897 /* MIDIComposition.h */,
				A8859B431B17ADD700C0A897 /* MIDIEvent.h */,
				A8859B441B17ADD700C0A897 /* MIDIFileReader.cpp */,
				A8859B451B17ADD700C0A897 /* MIDIFileReader.h */,
			);
			path = midiFileReader;
			sourceTree = SOURCE_ROOT;
		};
		BB4B014C10F69532006C3DED /* addons */ = {
			isa = PBXGroup;
			children = (
				480A780D8D0308AE4A368801 /* ofxGui */,
				76271A12053DA157D2DB4F78 /* ofxTonic */,
			);
			name = addons;
			sourceTree = "<group>";
		};
		E4328144138ABC890047C5CB /* Products */ = {
			isa = PBXGroup;
			children = (
				E4328148138ABC890047C5CB /* openFrameworksDebug.a */,
			);
			name = Products;
			sourceTree = "<group>";
		};
		E4B69B4A0A3A1720003C02F2 = {
			isa = PBXGroup;
			children = (
				E4B6FCAD0C3E899E008CF71C /* openFrameworks-Info.plist */,
				E4EB6923138AFD0F00A09F29 /* Project.xcconfig */,
				E4B69E1C0A3A1BDC003C02F2 /* src */,
				E4EEC9E9138DF44700A80321 /* openFrameworks */,
				BB4B014C10F69532006C3DED /* addons */,
				E4B69B5B0A3A1756003C02F2 /* timeLineMusicDebug.app */,
			);
			sourceTree = "<group>";
		};
		E4B69E1C0A3A1BDC003C02F2 /* src */ = {
			isa = PBXGroup;
			children = (
				E4B69E1D0A3A1BDC003C02F2 /* main.cpp */,
				26B24989CEFA066C732EF343 /* drawMidiNotes.cpp */,
				C427B42BB65B6AA017739432 /* drawMidiNotes.h */,
				23231D5B9BFA976EC334F601 /* DynamicVector.cpp */,
				E3C1086A36300A3C345BEDC1 /* DynamicVector.h */,
				B6B1881C95C600C095C833A8 /* midiEventHolder.cpp */,
				F2D4AF3DC3F12EB1F38EB600 /* midiEventHolder.h */,
				DC9812335144769961D9581E /* NoteBlock.cpp */,
				D473EFFA85BA2F401A0212F1 /* NoteBlock.h */,
				00A1BFCBB38848AD0E0C8539 /* testApp.cpp */,
				2D129AB0F7D46B8DFCEADEDB /* testApp.h */,
				A8859B411B17ADD700C0A897 /* midiFileReader */,
			);
			path = src;
			sourceTree = SOURCE_ROOT;
		};
		E4EEC9E9138DF44700A80321 /* openFrameworks */ = {
			isa = PBXGroup;
			children = (
				E4EB691F138AFCF100A09F29 /* CoreOF.xcconfig */,
				E4328143138ABC890047C5CB /* openFrameworksLib.xcodeproj */,
			);
			name = openFrameworks;
			sourceTree = "<group>";
		};
/* End PBXGroup section */

/* Begin PBXNativeTarget section */
		E4B69B5A0A3A1756003C02F2 /* timeLineMusic */ = {
			isa = PBXNativeTarget;
			buildConfigurationList = E4B69B5F0A3A1757003C02F2 /* Build configuration list for PBXNativeTarget "timeLineMusic" */;
			buildPhases = (
				E4B69B580A3A1756003C02F2 /* Sources */,
				E4B69B590A3A1756003C02F2 /* Frameworks */,
				E4B6FFFD0C3F9AB9008CF71C /* ShellScript */,
				E4C2427710CC5ABF004149E2 /* CopyFiles */,
			);
			buildRules = (
			);
			dependencies = (
				E4EEB9AC138B136A00A80321 /* PBXTargetDependency */,
			);
			name = timeLineMusic;
			productName = myOFApp;
			productReference = E4B69B5B0A3A1756003C02F2 /* timeLineMusicDebug.app */;
			productType = "com.apple.product-type.application";
		};
/* End PBXNativeTarget section */

/* Begin PBXProject section */
		E4B69B4C0A3A1720003C02F2 /* Project object */ = {
			isa = PBXProject;
			attributes = {
				LastUpgradeCheck = 0600;
			};
			buildConfigurationList = E4B69B4D0A3A1720003C02F2 /* Build configuration list for PBXProject "timeLineMusic" */;
			compatibilityVersion = "Xcode 3.2";
			developmentRegion = English;
			hasScannedForEncodings = 0;
			knownRegions = (
				English,
				Japanese,
				French,
				German,
			);
			mainGroup = E4B69B4A0A3A1720003C02F2;
			productRefGroup = E4B69B4A0A3A1720003C02F2;
			projectDirPath = "";
			projectReferences = (
				{
					ProductGroup = E4328144138ABC890047C5CB /* Products */;
					ProjectRef = E4328143138ABC890047C5CB /* openFrameworksLib.xcodeproj */;
				},
			);
			projectRoot = "";
			targets = (
				E4B69B5A0A3A1756003C02F2 /* timeLineMusic */,
			);
		};
/* End PBXProject section */

/* Begin PBXReferenceProxy section */
		E4328148138ABC890047C5CB /* openFrameworksDebug.a */ = {
			isa = PBXReferenceProxy;
			fileType = archive.ar;
			path = openFrameworksDebug.a;
			remoteRef = E4328147138ABC890047C5CB /* PBXContainerItemProxy */;
			sourceTree = BUILT_PRODUCTS_DIR;
		};
/* End PBXReferenceProxy section */

/* Begin PBXShellScriptBuildPhase section */
		E4B6FFFD0C3F9AB9008CF71C /* ShellScript */ = {
			isa = PBXShellScriptBuildPhase;
			buildActionMask = 2147483647;
			files = (
			);
			inputPaths = (
			);
			outputPaths = (
			);
			runOnlyForDeploymentPostprocessing = 0;
			shellPath = /bin/sh;
			shellScript = "cp -f ../../../openFrameworks/libs/fmodex/lib/osx/libfmodex.dylib \"$TARGET_BUILD_DIR/$PRODUCT_NAME.app/Contents/MacOS/libfmodex.dylib\"; install_name_tool -change ./libfmodex.dylib @executable_path/libfmodex.dylib \"$TARGET_BUILD_DIR/$PRODUCT_NAME.app/Contents/MacOS/$PRODUCT_NAME\";\nmkdir -p \"$TARGET_BUILD_DIR/$PRODUCT_NAME.app/Contents/Resources/\"\nmkdir -p \"$TARGET_BUILD_DIR/$PRODUCT_NAME.app/Contents/Resources/data/\";\n\ncp -r bin/data \"$TARGET_BUILD_DIR/$PRODUCT_NAME.app/Contents/Resources\";\ncp -f \"$ICON_FILE\" \"$TARGET_BUILD_DIR/$PRODUCT_NAME.app/Contents/Resources/\"\n";
		};
/* End PBXShellScriptBuildPhase section */

/* Begin PBXSourcesBuildPhase section */
		E4B69B580A3A1756003C02F2 /* Sources */ = {
			isa = PBXSourcesBuildPhase;
			buildActionMask = 2147483647;
			files = (
				E4B69E200A3A1BDC003C02F2 /* main.cpp in Sources */,
				77F2ED14C3D2CE9F41A2D6D1 /* drawMidiNotes.cpp in Sources */,
				DF276444C8B415B79AAAEF84 /* DynamicVector.cpp in Sources */,
				E0991CBE1EC91B9322AC8366 /* midiEventHolder.cpp in Sources */,
				3731C442E85A5725A3DBC1CE /* NoteBlock.cpp in Sources */,
				29D734F0DDECC8C5978185D7 /* testApp.cpp in Sources */,
				0AF5A6DD4FEBDAA99120C770 /* ofxBaseGui.cpp in Sources */,
				1078E1618CC60C7A18689976 /* ofxButton.cpp in Sources */,
				0DF6FBDAE58ACFAF268374B7 /* ofxGuiGroup.cpp in Sources */,
				C1D33555E1F09713337366E2 /* ofxLabel.cpp in Sources */,
				1F00073311F60D2BD697AA20 /* ofxPanel.cpp in Sources */,
				0ECEF3ACC2803A59D9020003 /* ofxSlider.cpp in Sources */,
				76018AC3170CFBCC83303514 /* ofxSliderGroup.cpp in Sources */,
				2F79EB98F746623743E2432C /* ofxToggle.cpp in Sources */,
				B7F09B56BF4C67330B1F3346 /* ofxTonicSynth.cpp in Sources */,
				16A5CBBF5A9A3FB83662A578 /* ADSR.cpp in Sources */,
				8D6D9A2F593B292A138DFFAE /* Arithmetic.cpp in Sources */,
				AA92BE34122ED0AE4F502601 /* AudioFileUtils.cpp in Sources */,
				7BCA5C7F6017FAF455821126 /* BasicDelay.cpp in Sources */,
				E0A899223883204451B76184 /* BitCrusher.cpp in Sources */,
				50DC5B745E962848FC477E29 /* BLEPOscillator.cpp in Sources */,
				2EA669E00E53621AC35D6C46 /* BufferFiller.cpp in Sources */,
				F7CC0D9BC254B8A8EC01B069 /* BufferPlayer.cpp in Sources */,
				14575EB14B41AF86F2FBEBBD /* CombFilter.cpp in Sources */,
				5A304BF6A8BB975473B16460 /* CompressorLimiter.cpp in Sources */,
				EF9C0B702BC18EEE0D9BE43D /* ControlArithmetic.cpp in Sources */,
				AFEB266680052BDD04483230 /* ControlCallback.cpp in Sources */,
				BF56E8EE13CCFAD78FCB0FBE /* ControlChangeNotifier.cpp in Sources */,
				2FC3D02A0590057E7FE8AAFD /* ControlComparison.cpp in Sources */,
				A8859B461B17ADD700C0A897 /* MIDIFileReader.cpp in Sources */,
				8B13A6C123071513FD16B363 /* ControlConditioner.cpp in Sources */,
				03099866055862B862C7DDC5 /* ControlCounter.cpp in Sources */,
				4955EFFDA60B23E4FB5FC608 /* ControlDbToLinear.cpp in Sources */,
				087FDFB600A43FF50C75DE3A /* ControlDelay.cpp in Sources */,
				29B393BADE98AD1128906228 /* ControlFloor.cpp in Sources */,
				2B8DDF217AA3084FC1F0AA64 /* ControlGenerator.cpp in Sources */,
				1588EFCA184DC5E503D08396 /* ControlMetro.cpp in Sources */,
				56A6C3B48C5624036708DF3C /* ControlMetroDivider.cpp in Sources */,
				487E1DCEA38BBB453134124C /* ControlMidiToFreq.cpp in Sources */,
				C58D79BB8FC5159C66F03F78 /* ControlParameter.cpp in Sources */,
				F4AD5004AA2AB0A39471AAFB /* ControlPrinter.cpp in Sources */,
				46C32101BD35E5F31862E450 /* ControlPulse.cpp in Sources */,
				9EE8D7BC2025AC3DEB90F484 /* ControlRandom.cpp in Sources */,
				63CAB9663B6CA86F91263018 /* ControlRecorder.cpp in Sources */,
				629DE8B1967B75C78775323A /* ControlSnapToScale.cpp in Sources */,
				4A4D56AC798F85679D67B4F4 /* ControlStepper.cpp in Sources */,
				C3B44A303896CC18782F4C46 /* ControlSwitcher.cpp in Sources */,
				2BE92D9AE3B31DE8D9A0CCBA /* ControlTrigger.cpp in Sources */,
				E2BFBA77A7E670FBF3FA0DE8 /* ControlTriggerFilter.cpp in Sources */,
				D1EC649DEAE57B74EDA38476 /* ControlValue.cpp in Sources */,
				0C4CFE7E28F331E5BB8428CE /* ControlXYSpeed.cpp in Sources */,
				78FFD8B7CA0B742CF3BB93DD /* DelayUtils.cpp in Sources */,
				3387F84BA9528DA55920E6D3 /* DSPUtils.cpp in Sources */,
				47EB24BF866A1D7E0212C765 /* Effect.cpp in Sources */,
				67115F35C0B27B95079032F0 /* Filters.cpp in Sources */,
				E3F54AF1B4CF4E078B2D8596 /* FilterUtils.cpp in Sources */,
				4ADFD67CAD7E836B7A04C3E9 /* FixedValue.cpp in Sources */,
				2ED885F0E9B3CB7819940718 /* Generator.cpp in Sources */,
				C343DD69BFE0FA75024B71D6 /* LFNoise.cpp in Sources */,
				599450A632B12525527748DB /* Mixer.cpp in Sources */,
				0C05829B9E451BEF7754A667 /* MonoToStereoPanner.cpp in Sources */,
				06ACBEFB70943A514E82FB5D /* Noise.cpp in Sources */,
				EAE358AC2F028F3224867E6A /* PolySynth.cpp in Sources */,
				C23CDADC54F5B05C9A55F71A /* RampedValue.cpp in Sources */,
				A40129BDC3C01BA3A4489B19 /* RectWave.cpp in Sources */,
				95F3DD56D985E2A71619C615 /* Reverb.cpp in Sources */,
				5B2F901BE2C46A8DACFB51AD /* RingBuffer.cpp in Sources */,
				D00BF9F31ADD7BC98BD7BA81 /* SampleTable.cpp in Sources */,
				E6916ECADE580298F09C3055 /* SawtoothWave.cpp in Sources */,
				AA299DDC840380D71192D5DD /* SineWave.cpp in Sources */,
				56EF79B96A8BF4AB629B7AFF /* StereoDelay.cpp in Sources */,
				823EA553C094BE9C329841C7 /* Synth.cpp in Sources */,
				0D9A5DBC463C9A0ACFAD3CE9 /* TableLookupOsc.cpp in Sources */,
				216BEB54C17B571AD132BEBD /* TonicFrames.cpp in Sources */,
			);
			runOnlyForDeploymentPostprocessing = 0;
		};
/* End PBXSourcesBuildPhase section */

/* Begin PBXTargetDependency section */
		E4EEB9AC138B136A00A80321 /* PBXTargetDependency */ = {
			isa = PBXTargetDependency;
			name = openFrameworks;
			targetProxy = E4EEB9AB138B136A00A80321 /* PBXContainerItemProxy */;
		};
/* End PBXTargetDependency section */

/* Begin XCBuildConfiguration section */
		E4B69B4E0A3A1720003C02F2 /* Debug */ = {
			isa = XCBuildConfiguration;
			baseConfigurationReference = E4EB6923138AFD0F00A09F29 /* Project.xcconfig */;
			buildSettings = {
				CONFIGURATION_BUILD_DIR = "$(SRCROOT)/bin/";
				COPY_PHASE_STRIP = NO;
				DEAD_CODE_STRIPPING = YES;
				GCC_AUTO_VECTORIZATION = YES;
				GCC_ENABLE_SSE3_EXTENSIONS = YES;
				GCC_ENABLE_SUPPLEMENTAL_SSE3_INSTRUCTIONS = YES;
				GCC_INLINES_ARE_PRIVATE_EXTERN = NO;
				GCC_OPTIMIZATION_LEVEL = 0;
				GCC_SYMBOLS_PRIVATE_EXTERN = NO;
				GCC_WARN_ABOUT_DEPRECATED_FUNCTIONS = YES;
				GCC_WARN_ABOUT_INVALID_OFFSETOF_MACRO = NO;
				GCC_WARN_ALLOW_INCOMPLETE_PROTOCOL = NO;
				GCC_WARN_UNINITIALIZED_AUTOS = NO;
				GCC_WARN_UNUSED_VALUE = NO;
				GCC_WARN_UNUSED_VARIABLE = NO;
				HEADER_SEARCH_PATHS = (
					"$(OF_CORE_HEADERS)",
					../../../openFrameworks/addons/ofxGui/libs,
					../../../openFrameworks/addons/ofxGui/src,
					../../../openFrameworks/addons/addons/libs,
					../../../openFrameworks/addons/addons/src,
					../../../openFrameworks/addons/ofxTonic/libs,
					../../../openFrameworks/addons/ofxTonic/src,
					../../../openFrameworks/addons/ofxTonic/src/Tonic,
					src,
				);
				MACOSX_DEPLOYMENT_TARGET = 10.8;
				ONLY_ACTIVE_ARCH = YES;
				OTHER_CPLUSPLUSFLAGS = (
					"-D__MACOSX_CORE__",
					"-lpthread",
					"-mtune=native",
				);
				SDKROOT = macosx;
			};
			name = Debug;
		};
		E4B69B4F0A3A1720003C02F2 /* Release */ = {
			isa = XCBuildConfiguration;
			baseConfigurationReference = E4EB6923138AFD0F00A09F29 /* Project.xcconfig */;
			buildSettings = {
				CONFIGURATION_BUILD_DIR = "$(SRCROOT)/bin/";
				COPY_PHASE_STRIP = YES;
				DEAD_CODE_STRIPPING = YES;
				GCC_AUTO_VECTORIZATION = YES;
				GCC_ENABLE_SSE3_EXTENSIONS = YES;
				GCC_ENABLE_SUPPLEMENTAL_SSE3_INSTRUCTIONS = YES;
				GCC_INLINES_ARE_PRIVATE_EXTERN = NO;
				GCC_OPTIMIZATION_LEVEL = 3;
				GCC_SYMBOLS_PRIVATE_EXTERN = NO;
				GCC_UNROLL_LOOPS = YES;
				GCC_WARN_ABOUT_DEPRECATED_FUNCTIONS = YES;
				GCC_WARN_ABOUT_INVALID_OFFSETOF_MACRO = NO;
				GCC_WARN_ALLOW_INCOMPLETE_PROTOCOL = NO;
				GCC_WARN_UNINITIALIZED_AUTOS = NO;
				GCC_WARN_UNUSED_VALUE = NO;
				GCC_WARN_UNUSED_VARIABLE = NO;
				HEADER_SEARCH_PATHS = (
					"$(OF_CORE_HEADERS)",
					../../../openFrameworks/addons/ofxGui/libs,
					../../../openFrameworks/addons/ofxGui/src,
					../../../openFrameworks/addons/addons/libs,
					../../../openFrameworks/addons/addons/src,
					../../../openFrameworks/addons/ofxTonic/libs,
					../../../openFrameworks/addons/ofxTonic/src,
					../../../openFrameworks/addons/ofxTonic/src/Tonic,
					src,
				);
				MACOSX_DEPLOYMENT_TARGET = 10.8;
				OTHER_CPLUSPLUSFLAGS = (
					"-D__MACOSX_CORE__",
					"-lpthread",
					"-mtune=native",
				);
				SDKROOT = macosx;
			};
			name = Release;
		};
		E4B69B600A3A1757003C02F2 /* Debug */ = {
			isa = XCBuildConfiguration;
			baseConfigurationReference = E4EB6923138AFD0F00A09F29 /* Project.xcconfig */;
			buildSettings = {
				COMBINE_HIDPI_IMAGES = YES;
				COPY_PHASE_STRIP = NO;
				FRAMEWORK_SEARCH_PATHS = (
					"$(inherited)",
					"$(FRAMEWORK_SEARCH_PATHS_QUOTED_FOR_TARGET_1)",
				);
				FRAMEWORK_SEARCH_PATHS_QUOTED_FOR_TARGET_1 = "\"$(SRCROOT)/../../../openFrameworks/libs/glut/lib/osx\"";
				GCC_DYNAMIC_NO_PIC = NO;
				GCC_GENERATE_DEBUGGING_SYMBOLS = YES;
				GCC_MODEL_TUNING = NONE;
				HEADER_SEARCH_PATHS = (
					"$(OF_CORE_HEADERS)",
					../../../openFrameworks/addons/ofxGui/libs,
					../../../openFrameworks/addons/ofxGui/src,
					../../../openFrameworks/addons/addons/libs,
					../../../openFrameworks/addons/addons/src,
					../../../openFrameworks/addons/ofxTonic/libs,
					../../../openFrameworks/addons/ofxTonic/src,
					../../../openFrameworks/addons/ofxTonic/src/Tonic,
					src,
				);
				ICON = "$(ICON_NAME_DEBUG)";
				ICON_FILE = "$(ICON_FILE_PATH)$(ICON)";
				INFOPLIST_FILE = "openFrameworks-Info.plist";
				INSTALL_PATH = "$(HOME)/Applications";
				LIBRARY_SEARCH_PATHS = "$(inherited)";
				MACOSX_DEPLOYMENT_TARGET = 10.9;
				PRODUCT_NAME = timeLineMusicDebug;
				WRAPPER_EXTENSION = app;
			};
			name = Debug;
		};
		E4B69B610A3A1757003C02F2 /* Release */ = {
			isa = XCBuildConfiguration;
			baseConfigurationReference = E4EB6923138AFD0F00A09F29 /* Project.xcconfig */;
			buildSettings = {
				COMBINE_HIDPI_IMAGES = YES;
				COPY_PHASE_STRIP = YES;
				FRAMEWORK_SEARCH_PATHS = (
					"$(inherited)",
					"$(FRAMEWORK_SEARCH_PATHS_QUOTED_FOR_TARGET_1)",
				);
				FRAMEWORK_SEARCH_PATHS_QUOTED_FOR_TARGET_1 = "\"$(SRCROOT)/../../../openFrameworks/libs/glut/lib/osx\"";
				GCC_GENERATE_DEBUGGING_SYMBOLS = YES;
				GCC_MODEL_TUNING = NONE;
				HEADER_SEARCH_PATHS = (
					"$(OF_CORE_HEADERS)",
					../../../openFrameworks/addons/ofxGui/libs,
					../../../openFrameworks/addons/ofxGui/src,
					../../../openFrameworks/addons/addons/libs,
					../../../openFrameworks/addons/addons/src,
					../../../openFrameworks/addons/ofxTonic/libs,
					../../../openFrameworks/addons/ofxTonic/src,
					../../../openFrameworks/addons/ofxTonic/src/Tonic,
					src,
				);
				ICON = "$(ICON_NAME_RELEASE)";
				ICON_FILE = "$(ICON_FILE_PATH)$(ICON)";
				INFOPLIST_FILE = "openFrameworks-Info.plist";
				INSTALL_PATH = "$(HOME)/Applications";
				LIBRARY_SEARCH_PATHS = "$(inherited)";
				MACOSX_DEPLOYMENT_TARGET = 10.9;
				PRODUCT_NAME = timeLineMusic;
				WRAPPER_EXTENSION = app;
				baseConfigurationReference = E4EB6923138AFD0F00A09F29;
			};
			name = Release;
		};
/* End XCBuildConfiguration section */

/* Begin XCConfigurationList section */
		E4B69B4D0A3A1720003C02F2 /* Build configuration list for PBXProject "timeLineMusic" */ = {
			isa = XCConfigurationList;
			buildConfigurations = (
				E4B69B4E0A3A1720003C02F2 /* Debug */,
				E4B69B4F0A3A1720003C02F2 /* Release */,
			);
			defaultConfigurationIsVisible = 0;
			defaultConfigurationName = Release;
		};
		E4B69B5F0A3A1757003C02F2 /* Build configuration list for PBXNativeTarget "timeLineMusic" */ = {
			isa = XCConfigurationList;
			buildConfigurations = (
				E4B69B600A3A1757003C02F2 /* Debug */,
				E4B69B610A3A1757003C02F2 /* Release */,
			);
			defaultConfigurationIsVisible = 0;
			defaultConfigurationName = Release;
		};
/* End XCConfigurationList section */
	};
	rootObject = E4B69B4C0A3A1720003C02F2 /* Project object */;
}
